# THIS IS AN AUTOGENERATED FILE. DO NOT EDIT THIS FILE DIRECTLY.
# yarn lockfile v1


"@angular/compiler-cli@^4.0.0":
  version "4.4.7"
  resolved "https://registry.yarnpkg.com/@angular/compiler-cli/-/compiler-cli-4.4.7.tgz#18e698f6da6166e75df7f782bd26f1f0f34e39f9"
  integrity sha512-vzphs9galtMV29CW+ihp6v0HwSQrjAFqs04swqt9o0jEJET6/mPi1EFjJRNZiFn6ghh6lxUPr3vThy7CrSNxHg==
  dependencies:
    "@angular/tsc-wrapped" "4.4.7"
    minimist "^1.2.0"
    reflect-metadata "^0.1.2"

"@angular/compiler@^4.0.0":
  version "4.4.7"
  resolved "https://registry.yarnpkg.com/@angular/compiler/-/compiler-4.4.7.tgz#c90b0a8d450e1ea19a5a60309ca03b0925a2f269"
  integrity sha512-aiRh86RqHMTgJ7xckQWzG2UTnq23+WuDVhYh/QL19R43areZLglqgtKSkfezg9aatO5CGzxDA3qL5WGhccQ5EQ==
  dependencies:
    tslib "^1.7.1"

"@angular/core@^4.4.7":
  version "4.4.7"
  resolved "https://registry.yarnpkg.com/@angular/core/-/core-4.4.7.tgz#18bdc17bec7bdccb6424402fc90550e15a6d221b"
  integrity sha512-Jxs6gNTl5KjXflg5vi5rlnokq1johFccN94qSOgDv+Mg1iuGF2i9p7EHkw3Y8jBCVaSLw1qgHE+wMb6KTlJDLA==
  dependencies:
    tslib "^1.7.1"

"@angular/tsc-wrapped@4.4.7":
  version "4.4.7"
  resolved "https://registry.yarnpkg.com/@angular/tsc-wrapped/-/tsc-wrapped-4.4.7.tgz#d4d9ffb0a689a9ce3009012446a5ae382941f06d"
  integrity sha512-R9w7sTU+HSTMPOa4NgvPL753qB6aqnPc1AVh2rwSl5FOpLS/AeeyzIhRnBsVXGrZrTcBQVLp/Cxg1oUSXE2k4Q==
  dependencies:
    tsickle "^0.21.0"

"@types/d3-array@^1":
  version "1.2.7"
  resolved "https://registry.yarnpkg.com/@types/d3-array/-/d3-array-1.2.7.tgz#34dc654d34fc058c41c31dbca1ed68071a8fcc17"
  integrity sha512-51vHWuUyDOi+8XuwPrTw3cFqyh2Slg9y8COYkRfjCPG9TfYqY0hoNPzv/8BrcAy0FeQBzqEo/D/8Nk2caOQJnA==

"@types/d3-axis@*":
  version "1.0.12"
  resolved "https://registry.yarnpkg.com/@types/d3-axis/-/d3-axis-1.0.12.tgz#8c124edfcc02f3b3a9cdaa2a28b8a20341401799"
  integrity sha512-BZISgSD5M8TgURyNtcPAmUB9sk490CO1Thb6/gIn0WZTt3Y50IssX+2Z0vTccoqZksUDTep0b+o4ofXslvNbqg==
  dependencies:
    "@types/d3-selection" "*"

"@types/d3-brush@*":
  version "1.1.0"
  resolved "https://registry.yarnpkg.com/@types/d3-brush/-/d3-brush-1.1.0.tgz#3f1f01aa3d4d70aff2a358c49dd3295be10d774c"
  integrity sha512-yz5Y94XpUARimOlLk+RWM1cZh1FrtmSGOyDQfCArsMa6kAnhjF3EserSTDnHAuVuNATMoTIOPHa7pjG2iTkPYA==
  dependencies:
    "@types/d3-selection" "*"

"@types/d3-chord@*":
  version "1.0.9"
  resolved "https://registry.yarnpkg.com/@types/d3-chord/-/d3-chord-1.0.9.tgz#ccc5de03ff079025491b7aa6b750670a140b45ae"
  integrity sha512-UA6lI9CVW5cT5Ku/RV4hxoFn4mKySHm7HEgodtfRthAj1lt9rKZEPon58vyYfk+HIAm33DtJJgZwMXy2QgyPXw==

"@types/d3-collection@*":
  version "1.0.8"
  resolved "https://registry.yarnpkg.com/@types/d3-collection/-/d3-collection-1.0.8.tgz#aa9552c570a96e33c132e0fd20e331f64baa9dd5"
  integrity sha512-y5lGlazdc0HNO0F3UUX2DPE7OmYvd9Kcym4hXwrJcNUkDaypR5pX+apuMikl9LfTxKItJsY9KYvzBulpCKyvuQ==

"@types/d3-color@*":
  version "1.2.2"
  resolved "https://registry.yarnpkg.com/@types/d3-color/-/d3-color-1.2.2.tgz#80cf7cfff7401587b8f89307ba36fe4a576bc7cf"
  integrity sha512-6pBxzJ8ZP3dYEQ4YjQ+NVbQaOflfgXq/JbDiS99oLobM2o72uAST4q6yPxHv6FOTCRC/n35ktuo8pvw/S4M7sw==

"@types/d3-dispatch@*":
  version "1.0.7"
  resolved "https://registry.yarnpkg.com/@types/d3-dispatch/-/d3-dispatch-1.0.7.tgz#6721aefbb9862ce78c20a87a1490c21f57c3ed7f"
  integrity sha512-M+z84G7UKwK6hEPnGCSccOg8zJ3Nk2hgDQ9sCstHXgsFU0sMxlIZVKqKB5oxUDbALqQG6ucg0G9e8cmOSlishg==

"@types/d3-drag@*":
  version "1.2.3"
  resolved "https://registry.yarnpkg.com/@types/d3-drag/-/d3-drag-1.2.3.tgz#d8ddccca28e939e9c689bea6f40a937e48c39051"
  integrity sha512-rWB5SPvkYVxW3sqUxHOJUZwifD0KqvKwvt1bhNqcLpW6Azsd0BJgRNcyVW8GAferaAk5r8dzeZnf9zKlg9+xMQ==
  dependencies:
    "@types/d3-selection" "*"

"@types/d3-dsv@*":
  version "1.0.36"
  resolved "https://registry.yarnpkg.com/@types/d3-dsv/-/d3-dsv-1.0.36.tgz#e91129d7c02b1b814838d001e921e8b9a67153d0"
  integrity sha512-jbIWQ27QJcBNMZbQv0NSQMHnBDCmxghAxePxgyiPH1XPCRkOsTBei7jcdi3fDrUCGpCV3lKrSZFSlOkhUQVClA==

"@types/d3-ease@*":
  version "1.0.9"
  resolved "https://registry.yarnpkg.com/@types/d3-ease/-/d3-ease-1.0.9.tgz#1dd849bd7edef6426e915e220ed9970db5ea4e04"
  integrity sha512-U5ADevQ+W6fy32FVZZC9EXallcV/Mi12A5Tkd0My5MrC7T8soMQEhlDAg88XUWm0zoCQlB4XV0en/24LvuDB4Q==

"@types/d3-force@*":
  version "1.2.1"
  resolved "https://registry.yarnpkg.com/@types/d3-force/-/d3-force-1.2.1.tgz#c28803ea36fe29788db69efa0ad6c2dc09544e83"
  integrity sha512-jqK+I36uz4kTBjyk39meed5y31Ab+tXYN/x1dn3nZEus9yOHCLc+VrcIYLc/aSQ0Y7tMPRlIhLetulME76EiiA==

"@types/d3-format@*":
  version "1.3.1"
  resolved "https://registry.yarnpkg.com/@types/d3-format/-/d3-format-1.3.1.tgz#35bf88264bd6bcda39251165bb827f67879c4384"
  integrity sha512-KAWvReOKMDreaAwOjdfQMm0HjcUMlQG47GwqdVKgmm20vTd2pucj0a70c3gUSHrnsmo6H2AMrkBsZU2UhJLq8A==

"@types/d3-geo@*":
  version "1.11.1"
  resolved "https://registry.yarnpkg.com/@types/d3-geo/-/d3-geo-1.11.1.tgz#e96ec91f16221d87507fec66b2cc889f52d2493e"
  integrity sha512-Ox8WWOG3igDRoep/dNsGbOiSJYdUG3ew/6z0ETvHyAtXZVBjOE0S96zSSmzgl0gqQ3RdZjn2eeJOj9oRcMZPkQ==
  dependencies:
    "@types/geojson" "*"

"@types/d3-hierarchy@*":
  version "1.1.6"
  resolved "https://registry.yarnpkg.com/@types/d3-hierarchy/-/d3-hierarchy-1.1.6.tgz#4c017521900813ea524c9ecb8d7985ec26a9ad9a"
  integrity sha512-vvSaIDf/Ov0o3KwMT+1M8+WbnnlRiGjlGD5uvk83a1mPCTd/E5x12bUJ/oP55+wUY/4Kb5kc67rVpVGJ2KUHxg==

"@types/d3-interpolate@*":
  version "1.3.1"
  resolved "https://registry.yarnpkg.com/@types/d3-interpolate/-/d3-interpolate-1.3.1.tgz#1c280511f622de9b0b47d463fa55f9a4fd6f5fc8"
  integrity sha512-z8Zmi08XVwe8e62vP6wcA+CNuRhpuUU5XPEfqpG0hRypDE5BWNthQHB1UNWWDB7ojCbGaN4qBdsWp5kWxhT1IQ==
  dependencies:
    "@types/d3-color" "*"

"@types/d3-path@*":
  version "1.0.8"
  resolved "https://registry.yarnpkg.com/@types/d3-path/-/d3-path-1.0.8.tgz#48e6945a8ff43ee0a1ce85c8cfa2337de85c7c79"
  integrity sha512-AZGHWslq/oApTAHu9+yH/Bnk63y9oFOMROtqPAtxl5uB6qm1x2lueWdVEjsjjV3Qc2+QfuzKIwIR5MvVBakfzA==

"@types/d3-polygon@*":
  version "1.0.7"
  resolved "https://registry.yarnpkg.com/@types/d3-polygon/-/d3-polygon-1.0.7.tgz#7b3947aa2d48287ff535230d3d396668ab17bfdf"
  integrity sha512-Xuw0eSjQQKs8jTiNbntWH0S+Xp+JyhqxmQ0YAQ3rDu6c3kKMFfgsaGN7Jv5u3zG6yVX/AsLP/Xs/QRjmi9g43Q==

"@types/d3-quadtree@*":
  version "1.0.7"
  resolved "https://registry.yarnpkg.com/@types/d3-quadtree/-/d3-quadtree-1.0.7.tgz#8e29464ff5b326f6612c1428d9362b4b35de2b70"
  integrity sha512-0ajFawWicfjsaCLh6NzxOyVDYhQAmMFbsiI3MPGLInorauHFEh9/Cl6UHNf+kt/J1jfoxKY/ZJaKAoDpbvde5Q==

"@types/d3-queue@*":
  version "3.0.8"
  resolved "https://registry.yarnpkg.com/@types/d3-queue/-/d3-queue-3.0.8.tgz#fad6212f14f34a549fc67144e354f032fb25a447"
  integrity sha512-1FWOiI/MYwS5Z1Sa9EvS1Xet3isiVIIX5ozD6iGnwHonGcqL+RcC1eThXN5VfDmAiYt9Me9EWNEv/9J9k9RIKQ==

"@types/d3-random@*":
  version "1.1.2"
  resolved "https://registry.yarnpkg.com/@types/d3-random/-/d3-random-1.1.2.tgz#6f77e8b7bb64ac393f92d33fe8f71038bc4f3cde"
  integrity sha512-Jui+Zn28pQw/3EayPKaN4c/PqTvqNbIPjHkgIIFnxne1FdwNjfHtAIsZIBMKlquQNrrMjFzCrlF2gPs3xckqaA==

"@types/d3-request@*":
  version "1.0.5"
  resolved "https://registry.yarnpkg.com/@types/d3-request/-/d3-request-1.0.5.tgz#a2717ab95cd1e504662f52802aff1476af38cce4"
  integrity sha512-X+/c/qXp92o056C5Qbcp7jL27YRHpmIqOchHb/WB7NwFFqkBtAircqO7oKWv2GTtX4LyEqiDF9gqXsV+ldOlIg==
  dependencies:
    "@types/d3-dsv" "*"

"@types/d3-scale@^1":
  version "1.0.14"
  resolved "https://registry.yarnpkg.com/@types/d3-scale/-/d3-scale-1.0.14.tgz#4544e4eb61e3712dacaba9dd8910e745bb7a9840"
  integrity sha512-dW6Ii8bH+10klJzVVPPeeQvRpCbX3BO3x9cLTngu/+lXNDbk2uC51aFAA/XhocehZroaG5ajwAFelMFsgpClMg==
  dependencies:
    "@types/d3-time" "*"

"@types/d3-selection@*":
  version "1.4.1"
  resolved "https://registry.yarnpkg.com/@types/d3-selection/-/d3-selection-1.4.1.tgz#fa1f8710a6b5d7cfe5c6caa61d161be7cae4a022"
  integrity sha512-bv8IfFYo/xG6dxri9OwDnK3yCagYPeRIjTlrcdYJSx+FDWlCeBDepIHUpqROmhPtZ53jyna0aUajZRk0I3rXNA==

"@types/d3-shape@*":
  version "1.3.2"
  resolved "https://registry.yarnpkg.com/@types/d3-shape/-/d3-shape-1.3.2.tgz#a41d9d6b10d02e221696b240caf0b5d0f5a588ec"
  integrity sha512-LtD8EaNYCaBRzHzaAiIPrfcL3DdIysc81dkGlQvv7WQP3+YXV7b0JJTtR1U3bzeRieS603KF4wUo+ZkJVenh8w==
  dependencies:
    "@types/d3-path" "*"

"@types/d3-time-format@*":
  version "2.1.1"
  resolved "https://registry.yarnpkg.com/@types/d3-time-format/-/d3-time-format-2.1.1.tgz#dd2c79ec4575f1355484ab6b10407824668eba42"
  integrity sha512-tJSyXta8ZyJ52wDDHA96JEsvkbL6jl7wowGmuf45+fAkj5Y+SQOnz0N7/H68OWmPshPsAaWMQh+GAws44IzH3g==

"@types/d3-time@*":
  version "1.0.10"
  resolved "https://registry.yarnpkg.com/@types/d3-time/-/d3-time-1.0.10.tgz#d338c7feac93a98a32aac875d1100f92c7b61f4f"
  integrity sha512-aKf62rRQafDQmSiv1NylKhIMmznsjRN+MnXRXTqHoqm0U/UZzVpdrtRnSIfdiLS616OuC1soYeX1dBg2n1u8Xw==

"@types/d3-timer@*":
  version "1.0.9"
  resolved "https://registry.yarnpkg.com/@types/d3-timer/-/d3-timer-1.0.9.tgz#aed1bde0cf18920d33f5d44839d73de393633fd3"
  integrity sha512-WvfJ3LFxBbWjqRGz9n7GJt08RrTHPJDVsIwwoCMROlqF+iDacYiAFjf9oqnq0mXpb2juA2N/qjKP+MKdal3YNQ==

"@types/d3-transition@*":
  version "1.1.6"
  resolved "https://registry.yarnpkg.com/@types/d3-transition/-/d3-transition-1.1.6.tgz#7e52da29749d874866cc803fad13925713a372da"
  integrity sha512-/F+O2r4oz4G9ATIH3cuSCMGphAnl7VDx7SbENEK0NlI/FE8Jx2oiIrv0uTrpg7yF/AmuWbqp7AGdEHAPIh24Gg==
  dependencies:
    "@types/d3-selection" "*"

"@types/d3-voronoi@*":
  version "1.1.9"
  resolved "https://registry.yarnpkg.com/@types/d3-voronoi/-/d3-voronoi-1.1.9.tgz#7bbc210818a3a5c5e0bafb051420df206617c9e5"
  integrity sha512-DExNQkaHd1F3dFPvGA/Aw2NGyjMln6E9QzsiqOcBgnE+VInYnFBHBBySbZQts6z6xD+5jTfKCP7M4OqMyVjdwQ==

"@types/d3-zoom@*":
  version "1.7.4"
  resolved "https://registry.yarnpkg.com/@types/d3-zoom/-/d3-zoom-1.7.4.tgz#9226ffd2bd3846ec0e4a4e2bff211612d3aafad5"
  integrity sha512-5jnFo/itYhJeB2khO/lKe730kW/h2EbKMOvY0uNp3+7NdPm4w63DwPEMxifQZ7n902xGYK5DdU67FmToSoy4VA==
  dependencies:
    "@types/d3-interpolate" "*"
    "@types/d3-selection" "*"

"@types/d3@^4.11.0":
  version "4.13.2"
  resolved "https://registry.yarnpkg.com/@types/d3/-/d3-4.13.2.tgz#c3db6ed6f6b07dde404fc3f43ee463ef5207ec8f"
  integrity sha512-jaMix9nFUgLeBSdU0md3usx5BaZfnO9Z0idyRmEq7mo7Ux7FpenW1SvyLXI0e59BtrgyPGNHMaZ0y2rJcSCMiw==
  dependencies:
    "@types/d3-array" "^1"
    "@types/d3-axis" "*"
    "@types/d3-brush" "*"
    "@types/d3-chord" "*"
    "@types/d3-collection" "*"
    "@types/d3-color" "*"
    "@types/d3-dispatch" "*"
    "@types/d3-drag" "*"
    "@types/d3-dsv" "*"
    "@types/d3-ease" "*"
    "@types/d3-force" "*"
    "@types/d3-format" "*"
    "@types/d3-geo" "*"
    "@types/d3-hierarchy" "*"
    "@types/d3-interpolate" "*"
    "@types/d3-path" "*"
    "@types/d3-polygon" "*"
    "@types/d3-quadtree" "*"
    "@types/d3-queue" "*"
    "@types/d3-random" "*"
    "@types/d3-request" "*"
    "@types/d3-scale" "^1"
    "@types/d3-selection" "*"
    "@types/d3-shape" "*"
    "@types/d3-time" "*"
    "@types/d3-time-format" "*"
    "@types/d3-timer" "*"
    "@types/d3-transition" "*"
    "@types/d3-voronoi" "*"
    "@types/d3-zoom" "*"

"@types/geojson@*":
  version "7946.0.7"
  resolved "https://registry.yarnpkg.com/@types/geojson/-/geojson-7946.0.7.tgz#c8fa532b60a0042219cdf173ca21a975ef0666ad"
  integrity sha512-wE2v81i4C4Ol09RtsWFAqg3BUitWbHSpSlIo+bNdsCJijO9sjme+zm+73ZMCa/qMC8UEERxzGbvmr1cffo2SiQ==

"@types/node@^6.0.60":
  version "6.14.10"
  resolved "https://registry.yarnpkg.com/@types/node/-/node-6.14.10.tgz#d9ce598127eb0cc02821476862d11389cb01f6a4"
  integrity sha512-pF4HjZGSog75kGq7B1InK/wt/N08BuPATo+7HRfv7gZUzccebwv/fmWVGs/j6LvSiLWpCuGGhql51M/wcQsNzA==

abbrev@1:
  version "1.1.1"
  resolved "https://registry.yarnpkg.com/abbrev/-/abbrev-1.1.1.tgz#f8f2c887ad10bf67f634f005b6987fed3179aac8"
  integrity sha512-nne9/IiQ/hzIhY6pdDnbBtz7DjPTKrY00P/zvPSm5pOFkl6xuGrGnXn/VtTNNfNtAfZ9/1RtehkszU9qcTii0Q==

align-text@^0.1.1, align-text@^0.1.3:
  version "0.1.4"
  resolved "https://registry.yarnpkg.com/align-text/-/align-text-0.1.4.tgz#0cd90a561093f35d0a99256c22b7069433fad117"
  integrity sha1-DNkKVhCT810KmSVsIrcGlDP60Rc=
  dependencies:
    kind-of "^3.0.2"
    longest "^1.0.1"
    repeat-string "^1.5.2"

ansi-styles@^3.2.1:
  version "3.2.1"
  resolved "https://registry.yarnpkg.com/ansi-styles/-/ansi-styles-3.2.1.tgz#41fbb20243e50b12be0f04b8dedbf07520ce841d"
  integrity sha512-VT0ZI6kZRdTh8YyJw3SMbYm/u+NqfsAxEpWO0Pf9sq8/e94WxxOpPKx9FR1FlyCtOVDNOQ+8ntlqFxiRc+r5qA==
  dependencies:
    color-convert "^1.9.0"

balanced-match@^1.0.0:
  version "1.0.0"
  resolved "https://registry.yarnpkg.com/balanced-match/-/balanced-match-1.0.0.tgz#89b4d199ab2bee49de164ea02b89ce462d71b767"
  integrity sha1-ibTRmasr7kneFk6gK4nORi1xt2c=

brace-expansion@^1.1.7:
  version "1.1.11"
  resolved "https://registry.yarnpkg.com/brace-expansion/-/brace-expansion-1.1.11.tgz#3c7fcbf529d87226f3d2f52b966ff5271eb441dd"
  integrity sha512-iCuPHDFgrHX7H2vEI/5xpz07zSHB00TpugqhmYtVmMO6518mCuRMoOYFldEBl0g187ufozdaHgWKcYFb61qGiA==
  dependencies:
    balanced-match "^1.0.0"
    concat-map "0.0.1"

camelcase@^1.0.2:
  version "1.2.1"
  resolved "https://registry.yarnpkg.com/camelcase/-/camelcase-1.2.1.tgz#9bb5304d2e0b56698b2c758b08a3eaa9daa58a39"
  integrity sha1-m7UwTS4LVmmLLHWLCKPqqdqlijk=

center-align@^0.1.1:
  version "0.1.3"
  resolved "https://registry.yarnpkg.com/center-align/-/center-align-0.1.3.tgz#aa0d32629b6ee972200411cbd4461c907bc2b7ad"
  integrity sha1-qg0yYptu6XIgBBHL1EYckHvCt60=
  dependencies:
    align-text "^0.1.3"
    lazy-cache "^1.0.3"

chalk@^2.4.1:
  version "2.4.2"
  resolved "https://registry.yarnpkg.com/chalk/-/chalk-2.4.2.tgz#cd42541677a54333cf541a49108c1432b44c9424"
  integrity sha512-Mti+f9lpJNcwF4tWV8/OrTTtF1gZi+f8FqlyAdouralcFWFQWF2+NgCHShjkCb+IFBLq9buZwE1xckQU4peSuQ==
  dependencies:
    ansi-styles "^3.2.1"
    escape-string-regexp "^1.0.5"
    supports-color "^5.3.0"

cliui@^2.1.0:
  version "2.1.0"
  resolved "https://registry.yarnpkg.com/cliui/-/cliui-2.1.0.tgz#4b475760ff80264c762c3a1719032e91c7fea0d1"
  integrity sha1-S0dXYP+AJkx2LDoXGQMukcf+oNE=
  dependencies:
    center-align "^0.1.1"
    right-align "^0.1.1"
    wordwrap "0.0.2"

color-convert@^1.9.0:
  version "1.9.3"
  resolved "https://registry.yarnpkg.com/color-convert/-/color-convert-1.9.3.tgz#bb71850690e1f136567de629d2d5471deda4c1e8"
  integrity sha512-QfAUtd+vFdAtFQcC8CCyYt1fYWxSqAiK2cSD6zDB8N3cpsEBAvRxp9zOGg6G/SHHJYAT88/az/IuDGALsNVbGg==
  dependencies:
    color-name "1.1.3"

color-name@1.1.3:
  version "1.1.3"
  resolved "https://registry.yarnpkg.com/color-name/-/color-name-1.1.3.tgz#a7d0558bd89c42f795dd42328f740831ca53bc25"
  integrity sha1-p9BVi9icQveV3UIyj3QIMcpTvCU=

commander@2, commander@^2.8.1:
  version "2.20.3"
  resolved "https://registry.yarnpkg.com/commander/-/commander-2.20.3.tgz#fd485e84c03eb4881c20722ba48035e8531aeb33"
  integrity sha512-GpVkmM8vF2vQUkj2LvZmD35JxeJOLCwJ9cUkugyk2nuhbv3+mJvpLYYt+0+USMxE+oj+ey/lJEnhZw75x/OMcQ==

commander@2.6.0:
  version "2.6.0"
  resolved "https://registry.yarnpkg.com/commander/-/commander-2.6.0.tgz#9df7e52fb2a0cb0fb89058ee80c3104225f37e1d"
  integrity sha1-nfflL7Kgyw+4kFjugMMQQiXzfh0=

concat-map@0.0.1:
  version "0.0.1"
  resolved "https://registry.yarnpkg.com/concat-map/-/concat-map-0.0.1.tgz#d8a96bd77fd68df7793a73036a3ba0d5405d477b"
  integrity sha1-2Klr13/Wjfd5OnMDajug1UBdR3s=

concurrently@^3.4.0:
  version "3.6.1"
  resolved "https://registry.yarnpkg.com/concurrently/-/concurrently-3.6.1.tgz#2f95baec5c4051294dfbb55b57a3b98a3e2b45ec"
  integrity sha512-/+ugz+gwFSEfTGUxn0KHkY+19XPRTXR8+7oUK/HxgiN1n7FjeJmkrbSiXAJfyQ0zORgJYPaenmymwon51YXH9Q==
  dependencies:
    chalk "^2.4.1"
    commander "2.6.0"
    date-fns "^1.23.0"
    lodash "^4.5.1"
    read-pkg "^3.0.0"
    rx "2.3.24"
    spawn-command "^0.0.2-1"
    supports-color "^3.2.3"
    tree-kill "^1.1.0"

core-js@^2.4.1:
  version "2.6.11"
  resolved "https://registry.yarnpkg.com/core-js/-/core-js-2.6.11.tgz#38831469f9922bded8ee21c9dc46985e0399308c"
  integrity sha512-5wjnpaT/3dV+XB4borEsnAYQchn00XSgTAWKDkEqv+K8KevjbzmofK6hfJ9TZIlpj2N0xQpazy7PiRQiWHqzWg==

css-resolve-import@^0.1.1:
  version "0.1.2"
  resolved "https://registry.yarnpkg.com/css-resolve-import/-/css-resolve-import-0.1.2.tgz#ff6d28ac4a175c9d57adb9d2ce6da6f916a1d535"
  integrity sha1-/20orEoXXJ1XrbnSzm2m+Rah1TU=

cssmin@^0.4.3:
  version "0.4.3"
  resolved "https://registry.yarnpkg.com/cssmin/-/cssmin-0.4.3.tgz#c9194077e0ebdacd691d5f59015b9d819f38d015"
  integrity sha1-yRlAd+Dr2s1pHV9ZAVudgZ840BU=

d3-array@1, d3-array@^1.2.0:
  version "1.2.4"
  resolved "https://registry.yarnpkg.com/d3-array/-/d3-array-1.2.4.tgz#635ce4d5eea759f6f605863dbcfc30edc737f71f"
  integrity sha512-KHW6M86R+FUPYGb3R5XiYjXPq7VzwxZ22buHhAEVG5ztoEcZZMLov530mmccaqA1GghZArjQV46fuc8kUqhhHw==

d3-array@1.2.1:
  version "1.2.1"
  resolved "https://registry.yarnpkg.com/d3-array/-/d3-array-1.2.1.tgz#d1ca33de2f6ac31efadb8e050a021d7e2396d5dc"
  integrity sha512-CyINJQ0SOUHojDdFDH4JEM0552vCR1utGyLHegJHyYH0JyCpSeTPxi4OBqHMA2jJZq4NH782LtaJWBImqI/HBw==

d3-axis@1.0.8:
  version "1.0.8"
  resolved "https://registry.yarnpkg.com/d3-axis/-/d3-axis-1.0.8.tgz#31a705a0b535e65759de14173a31933137f18efa"
  integrity sha1-MacFoLU15ldZ3hQXOjGTMTfxjvo=

d3-brush@1.0.4:
  version "1.0.4"
  resolved "https://registry.yarnpkg.com/d3-brush/-/d3-brush-1.0.4.tgz#00c2f238019f24f6c0a194a26d41a1530ffe7bc4"
  integrity sha1-AMLyOAGfJPbAoZSibUGhUw/+e8Q=
  dependencies:
    d3-dispatch "1"
    d3-drag "1"
    d3-interpolate "1"
    d3-selection "1"
    d3-transition "1"

d3-chord@1.0.4:
  version "1.0.4"
  resolved "https://registry.yarnpkg.com/d3-chord/-/d3-chord-1.0.4.tgz#7dec4f0ba886f713fe111c45f763414f6f74ca2c"
  integrity sha1-fexPC6iG9xP+ERxF92NBT290yiw=
  dependencies:
    d3-array "1"
    d3-path "1"

d3-collection@1:
  version "1.0.7"
  resolved "https://registry.yarnpkg.com/d3-collection/-/d3-collection-1.0.7.tgz#349bd2aa9977db071091c13144d5e4f16b5b310e"
  integrity sha512-ii0/r5f4sjKNTfh84Di+DpztYwqKhEyUlKoPrzUFfeSkWxjW49xU2QzO9qrPrNkpdI0XJkfzvmTu8V2Zylln6A==

d3-collection@1.0.4:
  version "1.0.4"
  resolved "https://registry.yarnpkg.com/d3-collection/-/d3-collection-1.0.4.tgz#342dfd12837c90974f33f1cc0a785aea570dcdc2"
  integrity sha1-NC39EoN8kJdPM/HMCnha6lcNzcI=

d3-color@1:
  version "1.4.1"
  resolved "https://registry.yarnpkg.com/d3-color/-/d3-color-1.4.1.tgz#c52002bf8846ada4424d55d97982fef26eb3bc8a"
  integrity sha512-p2sTHSLCJI2QKunbGb7ocOh7DgTAn8IrLx21QRc/BSnodXM4sv6aLQlnfpvehFMLZEfBc6g9pH9SWQccFYfJ9Q==

d3-color@1.0.3:
  version "1.0.3"
  resolved "https://registry.yarnpkg.com/d3-color/-/d3-color-1.0.3.tgz#bc7643fca8e53a8347e2fbdaffa236796b58509b"
  integrity sha1-vHZD/KjlOoNH4vva/6I2eWtYUJs=

d3-dispatch@1:
  version "1.0.6"
  resolved "https://registry.yarnpkg.com/d3-dispatch/-/d3-dispatch-1.0.6.tgz#00d37bcee4dd8cd97729dd893a0ac29caaba5d58"
  integrity sha512-fVjoElzjhCEy+Hbn8KygnmMS7Or0a9sI2UzGwoB7cCtvI1XpVN9GpoYlnb3xt2YV66oXYb1fLJ8GMvP4hdU1RA==

d3-dispatch@1.0.3:
  version "1.0.3"
  resolved "https://registry.yarnpkg.com/d3-dispatch/-/d3-dispatch-1.0.3.tgz#46e1491eaa9b58c358fce5be4e8bed626e7871f8"
  integrity sha1-RuFJHqqbWMNY/OW+TovtYm54cfg=

d3-drag@1:
  version "1.2.5"
  resolved "https://registry.yarnpkg.com/d3-drag/-/d3-drag-1.2.5.tgz#2537f451acd39d31406677b7dc77c82f7d988f70"
  integrity sha512-rD1ohlkKQwMZYkQlYVCrSFxsWPzI97+W+PaEIBNTMxRuxz9RF0Hi5nJWHGVJ3Om9d2fRTe1yOBINJyy/ahV95w==
  dependencies:
    d3-dispatch "1"
    d3-selection "1"

d3-drag@1.2.1:
  version "1.2.1"
  resolved "https://registry.yarnpkg.com/d3-drag/-/d3-drag-1.2.1.tgz#df8dd4c502fb490fc7462046a8ad98a5c479282d"
  integrity sha512-Cg8/K2rTtzxzrb0fmnYOUeZHvwa4PHzwXOLZZPwtEs2SKLLKLXeYwZKBB+DlOxUvFmarOnmt//cU4+3US2lyyQ==
  dependencies:
    d3-dispatch "1"
    d3-selection "1"

d3-dsv@1:
  version "1.2.0"
  resolved "https://registry.yarnpkg.com/d3-dsv/-/d3-dsv-1.2.0.tgz#9d5f75c3a5f8abd611f74d3f5847b0d4338b885c"
  integrity sha512-9yVlqvZcSOMhCYzniHE7EVUws7Fa1zgw+/EAV2BxJoG3ME19V6BQFBwI855XQDsxyOuG7NibqRMTtiF/Qup46g==
  dependencies:
    commander "2"
    iconv-lite "0.4"
    rw "1"

d3-dsv@1.0.8:
  version "1.0.8"
  resolved "https://registry.yarnpkg.com/d3-dsv/-/d3-dsv-1.0.8.tgz#907e240d57b386618dc56468bacfe76bf19764ae"
  integrity sha512-IVCJpQ+YGe3qu6odkPQI0KPqfxkhbP/oM1XhhE/DFiYmcXKfCRub4KXyiuehV1d4drjWVXHUWx4gHqhdZb6n/A==
  dependencies:
    commander "2"
    iconv-lite "0.4"
    rw "1"

d3-ease@1:
  version "1.0.6"
  resolved "https://registry.yarnpkg.com/d3-ease/-/d3-ease-1.0.6.tgz#ebdb6da22dfac0a22222f2d4da06f66c416a0ec0"
  integrity sha512-SZ/lVU7LRXafqp7XtIcBdxnWl8yyLpgOmzAk0mWBI9gXNzLDx5ybZgnRbH9dN/yY5tzVBqCQ9avltSnqVwessQ==

d3-ease@1.0.3:
  version "1.0.3"
  resolved "https://registry.yarnpkg.com/d3-ease/-/d3-ease-1.0.3.tgz#68bfbc349338a380c44d8acc4fbc3304aa2d8c0e"
  integrity sha1-aL+8NJM4o4DETYrMT7wzBKotjA4=

d3-force@1.1.0:
  version "1.1.0"
  resolved "https://registry.yarnpkg.com/d3-force/-/d3-force-1.1.0.tgz#cebf3c694f1078fcc3d4daf8e567b2fbd70d4ea3"
  integrity sha512-2HVQz3/VCQs0QeRNZTYb7GxoUCeb6bOzMp/cGcLa87awY9ZsPvXOGeZm0iaGBjXic6I1ysKwMn+g+5jSAdzwcg==
  dependencies:
    d3-collection "1"
    d3-dispatch "1"
    d3-quadtree "1"
    d3-timer "1"

d3-format@1:
  version "1.4.4"
  resolved "https://registry.yarnpkg.com/d3-format/-/d3-format-1.4.4.tgz#356925f28d0fd7c7983bfad593726fce46844030"
  integrity sha512-TWks25e7t8/cqctxCmxpUuzZN11QxIA7YrMbram94zMQ0PXjE4LVIMe/f6a4+xxL8HQ3OsAFULOINQi1pE62Aw==

d3-format@1.2.2:
  version "1.2.2"
  resolved "https://registry.yarnpkg.com/d3-format/-/d3-format-1.2.2.tgz#1a39c479c8a57fe5051b2e67a3bee27061a74e7a"
  integrity sha512-zH9CfF/3C8zUI47nsiKfD0+AGDEuM8LwBIP7pBVpyR4l/sKkZqITmMtxRp04rwBrlshIZ17XeFAaovN3++wzkw==

d3-geo@1.9.1:
  version "1.9.1"
  resolved "https://registry.yarnpkg.com/d3-geo/-/d3-geo-1.9.1.tgz#157e3b0f917379d0f73bebfff3be537f49fa7356"
  integrity sha512-l9wL/cEQkyZQYXw3xbmLsH3eQ5ij+icNfo4r0GrLa5rOCZR/e/3am45IQ0FvQ5uMsv+77zBRunLc9ufTWSQYFA==
  dependencies:
    d3-array "1"

d3-hierarchy@1.1.5:
  version "1.1.5"
  resolved "https://registry.yarnpkg.com/d3-hierarchy/-/d3-hierarchy-1.1.5.tgz#a1c845c42f84a206bcf1c01c01098ea4ddaa7a26"
  integrity sha1-ochFxC+Eoga88cAcAQmOpN2qeiY=

d3-interpolate@1:
  version "1.4.0"
  resolved "https://registry.yarnpkg.com/d3-interpolate/-/d3-interpolate-1.4.0.tgz#526e79e2d80daa383f9e0c1c1c7dcc0f0583e987"
  integrity sha512-V9znK0zc3jOPV4VD2zZn0sDhZU3WAE2bmlxdIwwQPPzPjvyLkd8B3JUVdS1IDUFDkWZ72c9qnv1GK2ZagTZ8EA==
  dependencies:
    d3-color "1"

d3-interpolate@1.1.6:
  version "1.1.6"
  resolved "https://registry.yarnpkg.com/d3-interpolate/-/d3-interpolate-1.1.6.tgz#2cf395ae2381804df08aa1bf766b7f97b5f68fb6"
  integrity sha512-mOnv5a+pZzkNIHtw/V6I+w9Lqm9L5bG3OTXPM5A+QO0yyVMQ4W1uZhR+VOJmazaOZXri2ppbiZ5BUNWT0pFM9A==
  dependencies:
    d3-color "1"

d3-path@1:
  version "1.0.9"
  resolved "https://registry.yarnpkg.com/d3-path/-/d3-path-1.0.9.tgz#48c050bb1fe8c262493a8caf5524e3e9591701cf"
  integrity sha512-VLaYcn81dtHVTjEHd8B+pbe9yHWpXKZUC87PzoFmsFrJqgFwDe/qxfp5MlfsfM1V5E/iVt0MmEbWQ7FVIXh/bg==

d3-path@1.0.5:
  version "1.0.5"
  resolved "https://registry.yarnpkg.com/d3-path/-/d3-path-1.0.5.tgz#241eb1849bd9e9e8021c0d0a799f8a0e8e441764"
  integrity sha1-JB6xhJvZ6egCHA0KeZ+KDo5EF2Q=

d3-polygon@1.0.3:
  version "1.0.3"
  resolved "https://registry.yarnpkg.com/d3-polygon/-/d3-polygon-1.0.3.tgz#16888e9026460933f2b179652ad378224d382c62"
  integrity sha1-FoiOkCZGCTPysXllKtN4Ik04LGI=

d3-quadtree@1:
  version "1.0.7"
  resolved "https://registry.yarnpkg.com/d3-quadtree/-/d3-quadtree-1.0.7.tgz#ca8b84df7bb53763fe3c2f24bd435137f4e53135"
  integrity sha512-RKPAeXnkC59IDGD0Wu5mANy0Q2V28L+fNe65pOCXVdVuTJS3WPKaJlFHer32Rbh9gIo9qMuJXio8ra4+YmIymA==

d3-quadtree@1.0.3:
  version "1.0.3"
  resolved "https://registry.yarnpkg.com/d3-quadtree/-/d3-quadtree-1.0.3.tgz#ac7987e3e23fe805a990f28e1b50d38fcb822438"
  integrity sha1-rHmH4+I/6AWpkPKOG1DTj8uCJDg=

d3-queue@3.0.7:
  version "3.0.7"
  resolved "https://registry.yarnpkg.com/d3-queue/-/d3-queue-3.0.7.tgz#c93a2e54b417c0959129d7d73f6cf7d4292e7618"
  integrity sha1-yTouVLQXwJWRKdfXP2z31Ckudhg=

d3-random@1.1.0:
  version "1.1.0"
  resolved "https://registry.yarnpkg.com/d3-random/-/d3-random-1.1.0.tgz#6642e506c6fa3a648595d2b2469788a8d12529d3"
  integrity sha1-ZkLlBsb6OmSFldKyRpeIqNElKdM=

d3-request@1.0.6:
  version "1.0.6"
  resolved "https://registry.yarnpkg.com/d3-request/-/d3-request-1.0.6.tgz#a1044a9ef4ec28c824171c9379fae6d79474b19f"
  integrity sha512-FJj8ySY6GYuAJHZMaCQ83xEYE4KbkPkmxZ3Hu6zA1xxG2GD+z6P+Lyp+zjdsHf0xEbp2xcluDI50rCS855EQ6w==
  dependencies:
    d3-collection "1"
    d3-dispatch "1"
    d3-dsv "1"
    xmlhttprequest "1"

d3-scale@1.0.7:
  version "1.0.7"
  resolved "https://registry.yarnpkg.com/d3-scale/-/d3-scale-1.0.7.tgz#fa90324b3ea8a776422bd0472afab0b252a0945d"
  integrity sha512-KvU92czp2/qse5tUfGms6Kjig0AhHOwkzXG0+PqIJB3ke0WUv088AHMZI0OssO9NCkXt4RP8yju9rpH8aGB7Lw==
  dependencies:
    d3-array "^1.2.0"
    d3-collection "1"
    d3-color "1"
    d3-format "1"
    d3-interpolate "1"
    d3-time "1"
    d3-time-format "2"

d3-selection@1, d3-selection@^1.1.0:
  version "1.4.1"
  resolved "https://registry.yarnpkg.com/d3-selection/-/d3-selection-1.4.1.tgz#98eedbbe085fbda5bafa2f9e3f3a2f4d7d622a98"
  integrity sha512-BTIbRjv/m5rcVTfBs4AMBLKs4x8XaaLkwm28KWu9S2vKNqXkXt2AH2Qf0sdPZHjFxcWg/YL53zcqAz+3g4/7PA==

d3-selection@1.3.0:
  version "1.3.0"
  resolved "https://registry.yarnpkg.com/d3-selection/-/d3-selection-1.3.0.tgz#d53772382d3dc4f7507bfb28bcd2d6aed2a0ad6d"
  integrity sha512-qgpUOg9tl5CirdqESUAu0t9MU/t3O9klYfGfyKsXEmhyxyzLpzpeh08gaxBUTQw1uXIOkr/30Ut2YRjSSxlmHA==

d3-shape@1.2.0:
  version "1.2.0"
  resolved "https://registry.yarnpkg.com/d3-shape/-/d3-shape-1.2.0.tgz#45d01538f064bafd05ea3d6d2cb748fd8c41f777"
  integrity sha1-RdAVOPBkuv0F6j1tLLdI/YxB93c=
  dependencies:
    d3-path "1"

d3-time-format@2:
  version "2.2.3"
  resolved "https://registry.yarnpkg.com/d3-time-format/-/d3-time-format-2.2.3.tgz#0c9a12ee28342b2037e5ea1cf0b9eb4dd75f29cb"
  integrity sha512-RAHNnD8+XvC4Zc4d2A56Uw0yJoM7bsvOlJR33bclxq399Rak/b9bhvu/InjxdWhPtkgU53JJcleJTGkNRnN6IA==
  dependencies:
    d3-time "1"

d3-time-format@2.1.1:
  version "2.1.1"
  resolved "https://registry.yarnpkg.com/d3-time-format/-/d3-time-format-2.1.1.tgz#85b7cdfbc9ffca187f14d3c456ffda268081bb31"
  integrity sha512-8kAkymq2WMfzW7e+s/IUNAtN/y3gZXGRrdGfo6R8NKPAA85UBTxZg5E61bR6nLwjPjj4d3zywSQe1CkYLPFyrw==
  dependencies:
    d3-time "1"

d3-time@1:
  version "1.1.0"
  resolved "https://registry.yarnpkg.com/d3-time/-/d3-time-1.1.0.tgz#b1e19d307dae9c900b7e5b25ffc5dcc249a8a0f1"
  integrity sha512-Xh0isrZ5rPYYdqhAVk8VLnMEidhz5aP7htAADH6MfzgmmicPkTo8LhkLxci61/lCB7n7UmE3bN0leRt+qvkLxA==

d3-time@1.0.8:
  version "1.0.8"
  resolved "https://registry.yarnpkg.com/d3-time/-/d3-time-1.0.8.tgz#dbd2d6007bf416fe67a76d17947b784bffea1e84"
  integrity sha512-YRZkNhphZh3KcnBfitvF3c6E0JOFGikHZ4YqD+Lzv83ZHn1/u6yGenRU1m+KAk9J1GnZMnKcrtfvSktlA1DXNQ==

d3-timer@1:
  version "1.0.10"
  resolved "https://registry.yarnpkg.com/d3-timer/-/d3-timer-1.0.10.tgz#dfe76b8a91748831b13b6d9c793ffbd508dd9de5"
  integrity sha512-B1JDm0XDaQC+uvo4DT79H0XmBskgS3l6Ve+1SBCfxgmtIb1AVrPIoqd+nPSv+loMX8szQ0sVUhGngL7D5QPiXw==

d3-timer@1.0.7:
  version "1.0.7"
  resolved "https://registry.yarnpkg.com/d3-timer/-/d3-timer-1.0.7.tgz#df9650ca587f6c96607ff4e60cc38229e8dd8531"
  integrity sha512-vMZXR88XujmG/L5oB96NNKH5lCWwiLM/S2HyyAQLcjWJCloK5shxta4CwOFYLZoY3AWX73v8Lgv4cCAdWtRmOA==

d3-transition@1:
  version "1.3.2"
  resolved "https://registry.yarnpkg.com/d3-transition/-/d3-transition-1.3.2.tgz#a98ef2151be8d8600543434c1ca80140ae23b398"
  integrity sha512-sc0gRU4PFqZ47lPVHloMn9tlPcv8jxgOQg+0zjhfZXMQuvppjG6YuwdMBE0TuqCZjeJkLecku/l9R0JPcRhaDA==
  dependencies:
    d3-color "1"
    d3-dispatch "1"
    d3-ease "1"
    d3-interpolate "1"
    d3-selection "^1.1.0"
    d3-timer "1"

d3-transition@1.1.1:
  version "1.1.1"
  resolved "https://registry.yarnpkg.com/d3-transition/-/d3-transition-1.1.1.tgz#d8ef89c3b848735b060e54a39b32aaebaa421039"
  integrity sha512-xeg8oggyQ+y5eb4J13iDgKIjUcEfIOZs2BqV/eEmXm2twx80wTzJ4tB4vaZ5BKfz7XsI/DFmQL5me6O27/5ykQ==
  dependencies:
    d3-color "1"
    d3-dispatch "1"
    d3-ease "1"
    d3-interpolate "1"
    d3-selection "^1.1.0"
    d3-timer "1"

d3-voronoi@1.1.2:
  version "1.1.2"
  resolved "https://registry.yarnpkg.com/d3-voronoi/-/d3-voronoi-1.1.2.tgz#1687667e8f13a2d158c80c1480c5a29cb0d8973c"
  integrity sha1-Fodmfo8TotFYyAwUgMWinLDYlzw=

d3-zoom@1.7.1:
  version "1.7.1"
  resolved "https://registry.yarnpkg.com/d3-zoom/-/d3-zoom-1.7.1.tgz#02f43b3c3e2db54f364582d7e4a236ccc5506b63"
  integrity sha512-sZHQ55DGq5BZBFGnRshUT8tm2sfhPHFnOlmPbbwTkAoPeVdRTkB4Xsf9GCY0TSHrTD8PeJPZGmP/TpGicwJDJQ==
  dependencies:
    d3-dispatch "1"
    d3-drag "1"
    d3-interpolate "1"
    d3-selection "1"
    d3-transition "1"

d3@^4.13.0:
  version "4.13.0"
  resolved "https://registry.yarnpkg.com/d3/-/d3-4.13.0.tgz#ab236ff8cf0cfc27a81e69bf2fb7518bc9b4f33d"
  integrity sha512-l8c4+0SldjVKLaE2WG++EQlqD7mh/dmQjvi2L2lKPadAVC+TbJC4ci7Uk9bRi+To0+ansgsS0iWfPjD7DBy+FQ==
  dependencies:
    d3-array "1.2.1"
    d3-axis "1.0.8"
    d3-brush "1.0.4"
    d3-chord "1.0.4"
    d3-collection "1.0.4"
    d3-color "1.0.3"
    d3-dispatch "1.0.3"
    d3-drag "1.2.1"
    d3-dsv "1.0.8"
    d3-ease "1.0.3"
    d3-force "1.1.0"
    d3-format "1.2.2"
    d3-geo "1.9.1"
    d3-hierarchy "1.1.5"
    d3-interpolate "1.1.6"
    d3-path "1.0.5"
    d3-polygon "1.0.3"
    d3-quadtree "1.0.3"
    d3-queue "3.0.7"
    d3-random "1.1.0"
    d3-request "1.0.6"
    d3-scale "1.0.7"
    d3-selection "1.3.0"
    d3-shape "1.2.0"
    d3-time "1.0.8"
    d3-time-format "2.1.1"
    d3-timer "1.0.7"
    d3-transition "1.1.1"
    d3-voronoi "1.1.2"
    d3-zoom "1.7.1"

date-fns@^1.23.0:
  version "1.30.1"
  resolved "https://registry.yarnpkg.com/date-fns/-/date-fns-1.30.1.tgz#2e71bf0b119153dbb4cc4e88d9ea5acfb50dc05c"
  integrity sha512-hBSVCvSmWC+QypYObzwGOd9wqdDpOt+0wl0KbU+R+uuZBS1jN8VsD1ss3irQDknRj5NvxiTF6oj/nDRnN/UQNw==

decamelize@^1.0.0:
  version "1.2.0"
  resolved "https://registry.yarnpkg.com/decamelize/-/decamelize-1.2.0.tgz#f6534d15148269b20352e7bee26f501f9a191290"
  integrity sha1-9lNNFRSCabIDUue+4m9QH5oZEpA=

error-ex@^1.3.1:
  version "1.3.2"
  resolved "https://registry.yarnpkg.com/error-ex/-/error-ex-1.3.2.tgz#b4ac40648107fdcdcfae242f428bea8a14d4f1bf"
  integrity sha512-7dFHNmqeFSEt2ZBsCriorKnn3Z2pj+fd9kmI6QoWw4//DL+icEBfc0U7qJCisqrTsKTjw4fNFy2pW9OqStD84g==
  dependencies:
    is-arrayish "^0.2.1"

escape-string-regexp@^1.0.5:
  version "1.0.5"
  resolved "https://registry.yarnpkg.com/escape-string-regexp/-/escape-string-regexp-1.0.5.tgz#1b61c0562190a8dff6ae3bb2cf0200ca130b86d4"
  integrity sha1-G2HAViGQqN/2rjuyzwIAyhMLhtQ=

fmerge@^1.2.0:
  version "1.2.0"
  resolved "https://registry.yarnpkg.com/fmerge/-/fmerge-1.2.0.tgz#36e99d2ae255e3ee1af666b4df780553671cf692"
  integrity sha1-NumdKuJV4+4a9ma033gFU2cc9pI=

fs.realpath@^1.0.0:
  version "1.0.0"
  resolved "https://registry.yarnpkg.com/fs.realpath/-/fs.realpath-1.0.0.tgz#1504ad2523158caa40db4a2787cb01411994ea4f"
  integrity sha1-FQStJSMVjKpA20onh8sBQRmU6k8=

glob@^7.1.1:
  version "7.1.6"
  resolved "https://registry.yarnpkg.com/glob/-/glob-7.1.6.tgz#141f33b81a7c2492e125594307480c46679278a6"
  integrity sha512-LwaxwyZ72Lk7vZINtNNrywX0ZuLyStrdDtabefZKAY5ZGJhVtgdznluResxNmPitE0SAO+O26sWTHeKSI2wMBA==
  dependencies:
    fs.realpath "^1.0.0"
    inflight "^1.0.4"
    inherits "2"
    minimatch "^3.0.4"
    once "^1.3.0"
    path-is-absolute "^1.0.0"

graceful-fs@^4.1.2:
  version "4.2.4"
  resolved "https://registry.yarnpkg.com/graceful-fs/-/graceful-fs-4.2.4.tgz#2256bde14d3632958c465ebc96dc467ca07a29fb"
  integrity sha512-WjKPNJF79dtJAVniUlGGWHYGz2jWxT6VhN/4m1NdkbZ2nOsEF+cI1Edgql5zCRhs/VsQYRvrXctxktVXZUkixw==

has-flag@^1.0.0:
  version "1.0.0"
  resolved "https://registry.yarnpkg.com/has-flag/-/has-flag-1.0.0.tgz#9d9e793165ce017a00f00418c43f942a7b1d11fa"
  integrity sha1-nZ55MWXOAXoA8AQYxD+UKnsdEfo=

has-flag@^3.0.0:
  version "3.0.0"
  resolved "https://registry.yarnpkg.com/has-flag/-/has-flag-3.0.0.tgz#b5d454dc2199ae225699f3467e5a07f3b955bafd"
  integrity sha1-tdRU3CGZriJWmfNGfloH87lVuv0=

hogan.js@^3.0.2:
  version "3.0.2"
  resolved "https://registry.yarnpkg.com/hogan.js/-/hogan.js-3.0.2.tgz#4cd9e1abd4294146e7679e41d7898732b02c7bfd"
  integrity sha1-TNnhq9QpQUbnZ55B14mHMrAse/0=
  dependencies:
    mkdirp "0.3.0"
    nopt "1.0.10"

hosted-git-info@^2.1.4:
  version "2.8.9"
  resolved "https://registry.yarnpkg.com/hosted-git-info/-/hosted-git-info-2.8.9.tgz#dffc0bf9a21c02209090f2aa69429e1414daf3f9"
  integrity sha512-mxIDAb9Lsm6DoOJ7xH+5+X4y1LU/4Hi50L9C5sIswK3JzULS4bwk1FvjdBgvYR4bzT4tuUQiC15FE2f5HbLvYw==

iconv-lite@0.4:
  version "0.4.24"
  resolved "https://registry.yarnpkg.com/iconv-lite/-/iconv-lite-0.4.24.tgz#2022b4b25fbddc21d2f524974a474aafe733908b"
  integrity sha512-v3MXnZAcvnywkTUEZomIActle7RXXeedOR31wwl7VlyoXO4Qi9arvSenNQWne1TcRwhCL1HwLI21bEqdpj8/rA==
  dependencies:
    safer-buffer ">= 2.1.2 < 3"

inflight@^1.0.4:
  version "1.0.6"
  resolved "https://registry.yarnpkg.com/inflight/-/inflight-1.0.6.tgz#49bd6331d7d02d0c09bc910a1075ba8165b56df9"
  integrity sha1-Sb1jMdfQLQwJvJEKEHW6gWW1bfk=
  dependencies:
    once "^1.3.0"
    wrappy "1"

inherits@2:
  version "2.0.4"
  resolved "https://registry.yarnpkg.com/inherits/-/inherits-2.0.4.tgz#0fa2c64f932917c3433a0ded55363aae37416b7c"
  integrity sha512-k/vGaX4/Yla3WzyMCvTQOXYeIHvqOKtnqBduzTHpzpQZzAskKMhZ2K+EnBiSM9zGSoIFeMpXKxa4dYeZIQqewQ==

is-arrayish@^0.2.1:
  version "0.2.1"
  resolved "https://registry.yarnpkg.com/is-arrayish/-/is-arrayish-0.2.1.tgz#77c99840527aa8ecb1a8ba697b80645a7a926a9d"
  integrity sha1-d8mYQFJ6qOyxqLppe4BkWnqSap0=

is-buffer@^1.1.5:
  version "1.1.6"
  resolved "https://registry.yarnpkg.com/is-buffer/-/is-buffer-1.1.6.tgz#efaa2ea9daa0d7ab2ea13a97b2b8ad51fefbe8be"
  integrity sha512-NcdALwpXkTm5Zvvbk7owOUSvVvBKDgKP5/ewfXEznmQFfs4ZRmanOeKBTjRVjka3QFoN6XJ+9F3USqfHqTaU5w==

json-parse-better-errors@^1.0.1:
  version "1.0.2"
  resolved "https://registry.yarnpkg.com/json-parse-better-errors/-/json-parse-better-errors-1.0.2.tgz#bb867cfb3450e69107c131d1c514bab3dc8bcaa9"
  integrity sha512-mrqyZKfX5EhL7hvqcV6WG1yYjnjeuYDzDhhcAAUrq8Po85NBQBJP+ZDUT75qZQ98IkUoBqdkExkukOU7Ts2wrw==

kind-of@^3.0.2:
  version "3.2.2"
  resolved "https://registry.yarnpkg.com/kind-of/-/kind-of-3.2.2.tgz#31ea21a734bab9bbb0f32466d893aea51e4a3c64"
  integrity sha1-MeohpzS6ubuw8yRm2JOupR5KPGQ=
  dependencies:
    is-buffer "^1.1.5"

lazy-cache@^1.0.3:
  version "1.0.4"
  resolved "https://registry.yarnpkg.com/lazy-cache/-/lazy-cache-1.0.4.tgz#a1d78fc3a50474cb80845d3b3b6e1da49a446e8e"
  integrity sha1-odePw6UEdMuAhF07O24dpJpEbo4=

load-json-file@^4.0.0:
  version "4.0.0"
  resolved "https://registry.yarnpkg.com/load-json-file/-/load-json-file-4.0.0.tgz#2f5f45ab91e33216234fd53adab668eb4ec0993b"
  integrity sha1-L19Fq5HjMhYjT9U62rZo607AmTs=
  dependencies:
    graceful-fs "^4.1.2"
    parse-json "^4.0.0"
    pify "^3.0.0"
    strip-bom "^3.0.0"

lodash@^4.17.14, lodash@^4.5.1:
  version "4.17.21"
  resolved "https://registry.yarnpkg.com/lodash/-/lodash-4.17.21.tgz#679591c564c3bffaae8454cf0b3df370c3d6911c"
  integrity sha512-v2kDEe57lecTulaDIuNTPy3Ry4gLGJ6Z1O3vE1krgXZNrsQ+LFTGHVxVjcXPs17LhbZVGedAJv8XZ1tvj5FvSg==

longest@^1.0.1:
  version "1.0.1"
  resolved "https://registry.yarnpkg.com/longest/-/longest-1.0.1.tgz#30a0b2da38f73770e8294a0d22e6625ed77d0097"
  integrity sha1-MKCy2jj3N3DoKUoNIuZiXtd9AJc=

minifier@^0.8.1:
  version "0.8.1"
  resolved "https://registry.yarnpkg.com/minifier/-/minifier-0.8.1.tgz#67e9333f9e25d27643bc7963e66b2dd61cf6c5b0"
  integrity sha1-Z+kzP54l0nZDvHlj5mst1hz2xbA=
  dependencies:
    commander "^2.8.1"
    css-resolve-import "^0.1.1"
    fmerge "^1.2.0"
    glob "^7.1.1"
    hogan.js "^3.0.2"
    sqwish "~0.2.2"
    uglify-js "^2.4.24"

minimatch@^3.0.4:
  version "3.0.4"
  resolved "https://registry.yarnpkg.com/minimatch/-/minimatch-3.0.4.tgz#5166e286457f03306064be5497e8dbb0c3d32083"
  integrity sha512-yJHVQEhyqPLUTgt9B83PXu6W3rx4MvvHvSUvToogpwoGDOUQ+yDrR0HRot+yOCdCO7u4hX3pWft6kWBBcqh0UA==
  dependencies:
    brace-expansion "^1.1.7"

minimist@^1.2.0, minimist@^1.2.5:
  version "1.2.5"
  resolved "https://registry.yarnpkg.com/minimist/-/minimist-1.2.5.tgz#67d66014b66a6a8aaa0c083c5fd58df4e4e97602"
  integrity sha512-FM9nNUYrRBAELZQT3xeZQ7fmMOBg6nWNmJKTcgsJeaLstP/UODVpGsr5OhXhhXg6f+qtJ8uiZ+PUxkDWcgIXLw==

mkdirp@0.3.0:
  version "0.3.0"
  resolved "https://registry.yarnpkg.com/mkdirp/-/mkdirp-0.3.0.tgz#1bbf5ab1ba827af23575143490426455f481fe1e"
  integrity sha1-G79asbqCevI1dRQ0kEJkVfSB/h4=

mkdirp@^0.5.1:
  version "0.5.5"
  resolved "https://registry.yarnpkg.com/mkdirp/-/mkdirp-0.5.5.tgz#d91cefd62d1436ca0f41620e251288d420099def"
  integrity sha512-NKmAlESf6jMGym1++R0Ra7wvhV+wFW63FaSOFPwRahvea0gMUcGUhVeAg/0BC0wiv9ih5NYPB1Wn1UEI1/L+xQ==
  dependencies:
    minimist "^1.2.5"

moment@^2.24.0:
  version "2.25.1"
  resolved "https://registry.yarnpkg.com/moment/-/moment-2.25.1.tgz#1cb546dca1eccdd607c9324747842200b683465d"
  integrity sha512-nRKMf9wDS4Fkyd0C9LXh2FFXinD+iwbJ5p/lh3CHitW9kZbRbJ8hCruiadiIXZVbeAqKZzqcTvHnK3mRhFjb6w==

nopt@1.0.10:
  version "1.0.10"
  resolved "https://registry.yarnpkg.com/nopt/-/nopt-1.0.10.tgz#6ddd21bd2a31417b92727dd585f8a6f37608ebee"
  integrity sha1-bd0hvSoxQXuScn3Vhfim83YI6+4=
  dependencies:
    abbrev "1"

normalize-package-data@^2.3.2:
  version "2.5.0"
  resolved "https://registry.yarnpkg.com/normalize-package-data/-/normalize-package-data-2.5.0.tgz#e66db1838b200c1dfc233225d12cb36520e234a8"
  integrity sha512-/5CMN3T0R4XTj4DcGaexo+roZSdSFW/0AOOTROrjxzCG1wrWXEsGbRKevjlIL+ZDE4sZlJr5ED4YW0yqmkK+eA==
  dependencies:
    hosted-git-info "^2.1.4"
    resolve "^1.10.0"
    semver "2 || 3 || 4 || 5"
    validate-npm-package-license "^3.0.1"

once@^1.3.0:
  version "1.4.0"
  resolved "https://registry.yarnpkg.com/once/-/once-1.4.0.tgz#583b1aa775961d4b113ac17d9c50baef9dd76bd1"
  integrity sha1-WDsap3WWHUsROsF9nFC6753Xa9E=
  dependencies:
    wrappy "1"

parse-json@^4.0.0:
  version "4.0.0"
  resolved "https://registry.yarnpkg.com/parse-json/-/parse-json-4.0.0.tgz#be35f5425be1f7f6c747184f98a788cb99477ee0"
  integrity sha1-vjX1Qlvh9/bHRxhPmKeIy5lHfuA=
  dependencies:
    error-ex "^1.3.1"
    json-parse-better-errors "^1.0.1"

path-is-absolute@^1.0.0:
  version "1.0.1"
  resolved "https://registry.yarnpkg.com/path-is-absolute/-/path-is-absolute-1.0.1.tgz#174b9268735534ffbc7ace6bf53a5a9e1b5c5f5f"
  integrity sha1-F0uSaHNVNP+8es5r9TpanhtcX18=

path-parse@^1.0.6:
  version "1.0.6"
  resolved "https://registry.yarnpkg.com/path-parse/-/path-parse-1.0.6.tgz#d62dbb5679405d72c4737ec58600e9ddcf06d24c"
  integrity sha512-GSmOT2EbHrINBf9SR7CDELwlJ8AENk3Qn7OikK4nFYAu3Ote2+JYNVvkpAEQm3/TLNEJFD/xZJjzyxg3KBWOzw==

path-type@^3.0.0:
  version "3.0.0"
  resolved "https://registry.yarnpkg.com/path-type/-/path-type-3.0.0.tgz#cef31dc8e0a1a3bb0d105c0cd97cf3bf47f4e36f"
  integrity sha512-T2ZUsdZFHgA3u4e5PfPbjd7HDDpxPnQb5jN0SrDsjNSuVXHJqtwTnWqG0B1jZrgmJ/7lj1EmVIByWt1gxGkWvg==
  dependencies:
    pify "^3.0.0"

pify@^3.0.0:
  version "3.0.0"
  resolved "https://registry.yarnpkg.com/pify/-/pify-3.0.0.tgz#e5a4acd2c101fdf3d9a4d07f0dbc4db49dd28176"
  integrity sha1-5aSs0sEB/fPZpNB/DbxNtJ3SgXY=

read-pkg@^3.0.0:
  version "3.0.0"
  resolved "https://registry.yarnpkg.com/read-pkg/-/read-pkg-3.0.0.tgz#9cbc686978fee65d16c00e2b19c237fcf6e38389"
  integrity sha1-nLxoaXj+5l0WwA4rGcI3/Pbjg4k=
  dependencies:
    load-json-file "^4.0.0"
    normalize-package-data "^2.3.2"
    path-type "^3.0.0"

reflect-metadata@^0.1.2:
  version "0.1.13"
  resolved "https://registry.yarnpkg.com/reflect-metadata/-/reflect-metadata-0.1.13.tgz#67ae3ca57c972a2aa1642b10fe363fe32d49dc08"
  integrity sha512-Ts1Y/anZELhSsjMcU605fU9RE4Oi3p5ORujwbIKXfWa+0Zxs510Qrmrce5/Jowq3cHSZSJqBjypxmHarc+vEWg==

repeat-string@^1.5.2:
  version "1.6.1"
  resolved "https://registry.yarnpkg.com/repeat-string/-/repeat-string-1.6.1.tgz#8dcae470e1c88abc2d600fff4a776286da75e637"
  integrity sha1-jcrkcOHIirwtYA//Sndihtp15jc=

resolve@^1.10.0:
  version "1.17.0"
  resolved "https://registry.yarnpkg.com/resolve/-/resolve-1.17.0.tgz#b25941b54968231cc2d1bb76a79cb7f2c0bf8444"
  integrity sha512-ic+7JYiV8Vi2yzQGFWOkiZD5Z9z7O2Zhm9XMaTxdJExKasieFCr+yXZ/WmXsckHiKl12ar0y6XiXDx3m4RHn1w==
  dependencies:
    path-parse "^1.0.6"

right-align@^0.1.1:
  version "0.1.3"
  resolved "https://registry.yarnpkg.com/right-align/-/right-align-0.1.3.tgz#61339b722fe6a3515689210d24e14c96148613ef"
  integrity sha1-YTObci/mo1FWiSENJOFMlhSGE+8=
  dependencies:
    align-text "^0.1.1"

rollup@^0.42.0:
  version "0.42.0"
  resolved "https://registry.yarnpkg.com/rollup/-/rollup-0.42.0.tgz#56e791b3a2f3dd7190bbb80a375675f2fe0f9b23"
  integrity sha1-VueRs6Lz3XGQu7gKN1Z18v4PmyM=
  dependencies:
    source-map-support "^0.4.0"

rw@1:
  version "1.3.3"
  resolved "https://registry.yarnpkg.com/rw/-/rw-1.3.3.tgz#3f862dfa91ab766b14885ef4d01124bfda074fb4"
  integrity sha1-P4Yt+pGrdmsUiF700BEkv9oHT7Q=

rx@2.3.24:
  version "2.3.24"
  resolved "https://registry.yarnpkg.com/rx/-/rx-2.3.24.tgz#14f950a4217d7e35daa71bbcbe58eff68ea4b2b7"
  integrity sha1-FPlQpCF9fjXapxu8vljv9o6ksrc=

rxjs-compat@^6.5.2:
  version "6.5.5"
  resolved "https://registry.yarnpkg.com/rxjs-compat/-/rxjs-compat-6.5.5.tgz#073c40510f29c45a2a5fc02dde87f8c3ad75f2c2"
  integrity sha512-F42sssVbUyWH4vJswEo6m+Eh02xHv3q93n8S7nUJO58R7sbc3CvJIOts605zdaBhWa1xMB9aVSyqPqhQ5q3eXg==

rxjs@^5.5.12:
  version "5.5.12"
  resolved "https://registry.yarnpkg.com/rxjs/-/rxjs-5.5.12.tgz#6fa61b8a77c3d793dbaf270bee2f43f652d741cc"
  integrity sha512-xx2itnL5sBbqeeiVgNPVuQQ1nC8Jp2WfNJhXWHmElW9YmrpS9UVnNzhP3EH3HFqexO5Tlp8GhYY+WEcqcVMvGw==
  dependencies:
    symbol-observable "1.0.1"

"safer-buffer@>= 2.1.2 < 3":
  version "2.1.2"
  resolved "https://registry.yarnpkg.com/safer-buffer/-/safer-buffer-2.1.2.tgz#44fa161b0187b9549dd84bb91802f9bd8385cd6a"
  integrity sha512-YZo3K82SD7Riyi0E1EQPojLz7kpepnSQI9IyPbHHg1XXXevb5dJI7tpyN2ADxGcQbHG7vcyRHk0cbwqcQriUtg==

"semver@2 || 3 || 4 || 5":
  version "5.7.1"
  resolved "https://registry.yarnpkg.com/semver/-/semver-5.7.1.tgz#a954f931aeba508d307bbf069eff0c01c96116f7"
  integrity sha512-sauaDf/PZdVgrLTNYHRtpXa1iRiKcaebiKQ1BJdpQlWH2lCvexQdX55snPFyK7QzpudqbCI0qXFfOasHdyNDGQ==

source-map-support@^0.4.0, source-map-support@^0.4.2:
  version "0.4.18"
  resolved "https://registry.yarnpkg.com/source-map-support/-/source-map-support-0.4.18.tgz#0286a6de8be42641338594e97ccea75f0a2c585f"
  integrity sha512-try0/JqxPLF9nOjvSta7tVondkP5dwgyLDjVoyMDlmjugT2lRZ1OfsrYTkCd2hkDnJTKRbO/Rl3orm8vlsUzbA==
  dependencies:
    source-map "^0.5.6"

source-map@^0.5.6, source-map@~0.5.1:
  version "0.5.7"
  resolved "https://registry.yarnpkg.com/source-map/-/source-map-0.5.7.tgz#8a039d2d1021d22d1ea14c80d8ea468ba2ef3fcc"
  integrity sha1-igOdLRAh0i0eoUyA2OpGi6LvP8w=

spawn-command@^0.0.2-1:
  version "0.0.2-1"
  resolved "https://registry.yarnpkg.com/spawn-command/-/spawn-command-0.0.2-1.tgz#62f5e9466981c1b796dc5929937e11c9c6921bd0"
  integrity sha1-YvXpRmmBwbeW3Fkpk34RycaSG9A=

spdx-correct@^3.0.0:
  version "3.1.0"
  resolved "https://registry.yarnpkg.com/spdx-correct/-/spdx-correct-3.1.0.tgz#fb83e504445268f154b074e218c87c003cd31df4"
  integrity sha512-lr2EZCctC2BNR7j7WzJ2FpDznxky1sjfxvvYEyzxNyb6lZXHODmEoJeFu4JupYlkfha1KZpJyoqiJ7pgA1qq8Q==
  dependencies:
    spdx-expression-parse "^3.0.0"
    spdx-license-ids "^3.0.0"

spdx-exceptions@^2.1.0:
  version "2.3.0"
  resolved "https://registry.yarnpkg.com/spdx-exceptions/-/spdx-exceptions-2.3.0.tgz#3f28ce1a77a00372683eade4a433183527a2163d"
  integrity sha512-/tTrYOC7PPI1nUAgx34hUpqXuyJG+DTHJTnIULG4rDygi4xu/tfgmq1e1cIRwRzwZgo4NLySi+ricLkZkw4i5A==

spdx-expression-parse@^3.0.0:
  version "3.0.0"
  resolved "https://registry.yarnpkg.com/spdx-expression-parse/-/spdx-expression-parse-3.0.0.tgz#99e119b7a5da00e05491c9fa338b7904823b41d0"
  integrity sha512-Yg6D3XpRD4kkOmTpdgbUiEJFKghJH03fiC1OPll5h/0sO6neh2jqRDVHOQ4o/LMea0tgCkbMgea5ip/e+MkWyg==
  dependencies:
    spdx-exceptions "^2.1.0"
    spdx-license-ids "^3.0.0"

spdx-license-ids@^3.0.0:
  version "3.0.5"
  resolved "https://registry.yarnpkg.com/spdx-license-ids/-/spdx-license-ids-3.0.5.tgz#3694b5804567a458d3c8045842a6358632f62654"
  integrity sha512-J+FWzZoynJEXGphVIS+XEh3kFSjZX/1i9gFBaWQcB+/tmpe2qUsSBABpcxqxnAxFdiUFEgAX1bjYGQvIZmoz9Q==

sqwish@~0.2.2:
  version "0.2.2"
  resolved "https://registry.yarnpkg.com/sqwish/-/sqwish-0.2.2.tgz#00fe2668104f1228b5bb7ee739ef60121bbcb057"
  integrity sha1-AP4maBBPEii1u37nOe9gEhu8sFc=

strip-bom@^3.0.0:
  version "3.0.0"
  resolved "https://registry.yarnpkg.com/strip-bom/-/strip-bom-3.0.0.tgz#2334c18e9c759f7bdd56fdef7e9ae3d588e68ed3"
  integrity sha1-IzTBjpx1n3vdVv3vfprj1YjmjtM=

supports-color@^3.2.3:
  version "3.2.3"
  resolved "https://registry.yarnpkg.com/supports-color/-/supports-color-3.2.3.tgz#65ac0504b3954171d8a64946b2ae3cbb8a5f54f6"
  integrity sha1-ZawFBLOVQXHYpklGsq48u4pfVPY=
  dependencies:
    has-flag "^1.0.0"

supports-color@^5.3.0:
  version "5.5.0"
  resolved "https://registry.yarnpkg.com/supports-color/-/supports-color-5.5.0.tgz#e2e69a44ac8772f78a1ec0b35b689df6530efc8f"
  integrity sha512-QjVjwdXIt408MIiAqCX4oUKsgU2EqAGzs2Ppkm4aQYbjm+ZEWEcW4SfFNTr4uMNZma0ey4f5lgLrkB0aX0QMow==
  dependencies:
    has-flag "^3.0.0"

symbol-observable@1.0.1:
  version "1.0.1"
  resolved "https://registry.yarnpkg.com/symbol-observable/-/symbol-observable-1.0.1.tgz#8340fc4702c3122df5d22288f88283f513d3fdd4"
  integrity sha1-g0D8RwLDEi310iKI+IKD9RPT/dQ=

systemjs@0.19.40:
  version "0.19.40"
  resolved "https://registry.yarnpkg.com/systemjs/-/systemjs-0.19.40.tgz#158f64a9f4ef541a7fda6b40e527ee46b6c54cd0"
  integrity sha1-FY9kqfTvVBp/2mtA5SfuRrbFTNA=
  dependencies:
    when "^3.7.5"

tree-kill@^1.1.0:
  version "1.2.2"
  resolved "https://registry.yarnpkg.com/tree-kill/-/tree-kill-1.2.2.tgz#4ca09a9092c88b73a7cdc5e8a01b507b0790a0cc"
  integrity sha512-L0Orpi8qGpRG//Nd+H90vFB+3iHnue1zSSGmNOOCh1GLJ7rUKVwV2HvijphGQS2UmhUZewS9VgvxYIdgr+fG1A==

tsickle@^0.21.0:
  version "0.21.6"
  resolved "https://registry.yarnpkg.com/tsickle/-/tsickle-0.21.6.tgz#53b01b979c5c13fdb13afb3fb958177e5991588d"
  integrity sha1-U7Abl5xcE/2xOvs/uVgXflmRWI0=
  dependencies:
    minimist "^1.2.0"
    mkdirp "^0.5.1"
    source-map "^0.5.6"
    source-map-support "^0.4.2"

tslib@^1.7.1:
  version "1.11.1"
  resolved "https://registry.yarnpkg.com/tslib/-/tslib-1.11.1.tgz#eb15d128827fbee2841549e171f45ed338ac7e35"
  integrity sha512-aZW88SY8kQbU7gpV19lN24LtXh/yD4ZZg6qieAJDDg+YBsJcSmLGK9QpnUjAKVG/xefmvJGd1WUmfpT/g6AJGA==

typescript@^2.5.3:
  version "2.9.2"
  resolved "https://registry.yarnpkg.com/typescript/-/typescript-2.9.2.tgz#1cbf61d05d6b96269244eb6a3bce4bd914e0f00c"
  integrity sha512-Gr4p6nFNaoufRIY4NMdpQRNmgxVIGMs4Fcu/ujdYk3nAZqk7supzBE9idmvfZIlH/Cuj//dvi+019qEue9lV0w==

uglify-js@^2.4.24:
  version "2.8.29"
  resolved "https://registry.yarnpkg.com/uglify-js/-/uglify-js-2.8.29.tgz#29c5733148057bb4e1f75df35b7a9cb72e6a59dd"
  integrity sha1-KcVzMUgFe7Th913zW3qcty5qWd0=
  dependencies:
    source-map "~0.5.1"
    yargs "~3.10.0"
  optionalDependencies:
    uglify-to-browserify "~1.0.0"

uglify-to-browserify@~1.0.0:
  version "1.0.2"
  resolved "https://registry.yarnpkg.com/uglify-to-browserify/-/uglify-to-browserify-1.0.2.tgz#6e0924d6bda6b5afe349e39a6d632850a0f882b7"
  integrity sha1-bgkk1r2mta/jSeOabWMoUKD4grc=

validate-npm-package-license@^3.0.1:
  version "3.0.4"
  resolved "https://registry.yarnpkg.com/validate-npm-package-license/-/validate-npm-package-license-3.0.4.tgz#fc91f6b9c7ba15c857f4cb2c5defeec39d4f410a"
  integrity sha512-DpKm2Ui/xN7/HQKCtpZxoRWBhZ9Z0kqtygG8XCgNQ8ZlDnxuQmWhj566j8fN4Cu3/JmbhsDo7fcAJq4s9h27Ew==
  dependencies:
    spdx-correct "^3.0.0"
    spdx-expression-parse "^3.0.0"

when@^3.7.5:
  version "3.7.8"
  resolved "https://registry.yarnpkg.com/when/-/when-3.7.8.tgz#c7130b6a7ea04693e842cdc9e7a1f2aa39a39f82"
  integrity sha1-xxMLan6gRpPoQs3J56Hyqjmjn4I=

window-size@0.1.0:
  version "0.1.0"
  resolved "https://registry.yarnpkg.com/window-size/-/window-size-0.1.0.tgz#5438cd2ea93b202efa3a19fe8887aee7c94f9c9d"
  integrity sha1-VDjNLqk7IC76Ohn+iIeu58lPnJ0=

wordwrap@0.0.2:
  version "0.0.2"
  resolved "https://registry.yarnpkg.com/wordwrap/-/wordwrap-0.0.2.tgz#b79669bb42ecb409f83d583cad52ca17eaa1643f"
  integrity sha1-t5Zpu0LstAn4PVg8rVLKF+qhZD8=

wrappy@1:
  version "1.0.2"
  resolved "https://registry.yarnpkg.com/wrappy/-/wrappy-1.0.2.tgz#b5243d8f3ec1aa35f1364605bc0d1036e30ab69f"
  integrity sha1-tSQ9jz7BqjXxNkYFvA0QNuMKtp8=

xmlhttprequest@1:
  version "1.8.0"
  resolved "https://registry.yarnpkg.com/xmlhttprequest/-/xmlhttprequest-1.8.0.tgz#67fe075c5c24fef39f9d65f5f7b7fe75171968fc"
  integrity sha1-Z/4HXFwk/vOfnWX197f+dRcZaPw=

yargs@~3.10.0:
  version "3.10.0"
  resolved "https://registry.yarnpkg.com/yargs/-/yargs-3.10.0.tgz#f7ee7bd857dd7c1d2d38c0e74efbd681d1431fd1"
  integrity sha1-9+572FfdfB0tOMDnTvvWgdFDH9E=
  dependencies:
    camelcase "^1.0.2"
    cliui "^2.1.0"
    decamelize "^1.0.0"
    window-size "0.1.0"

zone.js@^0.8.29:
  version "0.8.29"
  resolved "https://registry.yarnpkg.com/zone.js/-/zone.js-0.8.29.tgz#8dce92aa0dd553b50bc5bfbb90af9986ad845a12"
  integrity sha512-mla2acNCMkWXBD+c+yeUrBUrzOxYMNFdQ6FGfigGGtEVBPJx07BQeJekjt9DmH1FtZek4E9rE1eRR9qQpxACOQ==
