# THIS IS AN AUTOGENERATED FILE. DO NOT EDIT THIS FILE DIRECTLY.
# yarn lockfile v1


"@angular/common@~2.4.0":
  version "2.4.9"
  resolved "https://registry.yarnpkg.com/@angular/common/-/common-2.4.9.tgz#3094f973e18330526256dcd13fcf27609b7abc08"

"@angular/compiler@~2.4.0":
  version "2.4.9"
  resolved "https://registry.yarnpkg.com/@angular/compiler/-/compiler-2.4.9.tgz#ee159181c4013046598e1d176b45063bddb141f6"

"@angular/core@~2.4.0":
  version "2.4.9"
  resolved "https://registry.yarnpkg.com/@angular/core/-/core-2.4.9.tgz#85dca2afa4021be91512c97597702ac8d73092e6"

"@angular/forms@~2.4.0":
  version "2.4.9"
  resolved "https://registry.yarnpkg.com/@angular/forms/-/forms-2.4.9.tgz#a1ee9f403267fd78041f9ee77d1c9c24150e1d7c"

"@angular/http@~2.4.0":
  version "2.4.9"
  resolved "https://registry.yarnpkg.com/@angular/http/-/http-2.4.9.tgz#a7de980d564ac25a497c5e822d2b941c1f143d48"

"@angular/platform-browser-dynamic@~2.4.0":
  version "2.4.9"
  resolved "https://registry.yarnpkg.com/@angular/platform-browser-dynamic/-/platform-browser-dynamic-2.4.9.tgz#353b92e8670065ab5b1b6baea3a96928b174ee09"

"@angular/platform-browser@~2.4.0":
  version "2.4.9"
  resolved "https://registry.yarnpkg.com/@angular/platform-browser/-/platform-browser-2.4.9.tgz#936139a1e0d280394988473a8a11d922d768f89e"

"@angular/router@~3.4.0":
  version "3.4.9"
  resolved "https://registry.yarnpkg.com/@angular/router/-/router-3.4.9.tgz#2525384124140fefae20bf661262b611f28ffc92"

"@types/node@^6.0.46":
  version "6.0.64"
  resolved "https://registry.yarnpkg.com/@types/node/-/node-6.0.64.tgz#cdc901411f6301e1437dfed23bc68f54442e4dc8"

core-js@^2.4.1:
  version "2.4.1"
  resolved "https://registry.yarnpkg.com/core-js/-/core-js-2.4.1.tgz#4de911e667b0eae9124e34254b53aea6fc618d3e"

rxjs@5.0.1:
  version "5.0.1"
  resolved "https://registry.yarnpkg.com/rxjs/-/rxjs-5.0.1.tgz#3a69bdf9f0ca0a986303370d4708f72bdfac8356"
  dependencies:
    symbol-observable "^1.0.1"

symbol-observable@^1.0.1:
  version "1.0.4"
  resolved "https://registry.yarnpkg.com/symbol-observable/-/symbol-observable-1.0.4.tgz#29bf615d4aa7121bdd898b22d4b3f9bc4e2aa03d"

systemjs@0.19.40:
  version "0.19.40"
  resolved "https://registry.yarnpkg.com/systemjs/-/systemjs-0.19.40.tgz#158f64a9f4ef541a7fda6b40e527ee46b6c54cd0"
  dependencies:
    when "^3.7.5"

typescript@~2.2.0:
  version "2.2.1"
  resolved "https://registry.yarnpkg.com/typescript/-/typescript-2.2.1.tgz#4862b662b988a4c8ff691cc7969622d24db76ae9"

when@^3.7.5:
  version "3.7.8"
  resolved "https://registry.yarnpkg.com/when/-/when-3.7.8.tgz#c7130b6a7ea04693e842cdc9e7a1f2aa39a39f82"

zone.js@^0.7.4:
  version "0.7.7"
  resolved "https://registry.yarnpkg.com/zone.js/-/zone.js-0.7.7.tgz#0d7b7ae7f68012d03438b8a18f5763441bbf9620"
