# THIS IS AN AUTOGENERATED FILE. DO NOT EDIT THIS FILE DIRECTLY.
# yarn lockfile v1


"@angular/compiler-cli@^4.0.0":
  version "4.4.4"
  resolved "https://registry.yarnpkg.com/@angular/compiler-cli/-/compiler-cli-4.4.4.tgz#063080a497d9175396825050222c717da184f6cf"
  dependencies:
    "@angular/tsc-wrapped" "4.4.4"
    minimist "^1.2.0"
    reflect-metadata "^0.1.2"

"@angular/compiler@^4.0.0":
  version "4.4.4"
  resolved "https://registry.yarnpkg.com/@angular/compiler/-/compiler-4.4.4.tgz#326eb0029d9a3541aaca124def9adc51c36f2b41"
  dependencies:
    tslib "^1.7.1"

"@angular/core@^4.0.0":
  version "4.4.4"
  resolved "https://registry.yarnpkg.com/@angular/core/-/core-4.4.4.tgz#bd37ecf54158f97489996c9386bd222f80a32f5c"
  dependencies:
    tslib "^1.7.1"

"@angular/tsc-wrapped@4.4.4":
  version "4.4.4"
  resolved "https://registry.yarnpkg.com/@angular/tsc-wrapped/-/tsc-wrapped-4.4.4.tgz#9841821e55616b826ca160250fe85e15fc74ffc3"
  dependencies:
    tsickle "^0.21.0"

"@types/d3-array@*":
  version "1.2.1"
  resolved "https://registry.yarnpkg.com/@types/d3-array/-/d3-array-1.2.1.tgz#e489605208d46a1c9d980d2e5772fa9c75d9ec65"

"@types/d3-axis@*":
  version "1.0.9"
  resolved "https://registry.yarnpkg.com/@types/d3-axis/-/d3-axis-1.0.9.tgz#62ce7bc8d04354298cda57f3f1d1f856ad69b89a"
  dependencies:
    "@types/d3-selection" "*"

"@types/d3-brush@*":
  version "1.0.7"
  resolved "https://registry.yarnpkg.com/@types/d3-brush/-/d3-brush-1.0.7.tgz#05c30440f4d537fd23f976b0e6c4ba223001ef45"
  dependencies:
    "@types/d3-selection" "*"

"@types/d3-chord@*":
  version "1.0.6"
  resolved "https://registry.yarnpkg.com/@types/d3-chord/-/d3-chord-1.0.6.tgz#0589eb97a3191f4edaf17b7bde498462890ce1ec"

"@types/d3-collection@*":
  version "1.0.5"
  resolved "https://registry.yarnpkg.com/@types/d3-collection/-/d3-collection-1.0.5.tgz#bb1f3aa97cdc8d881645541b9d6cf87edfee9bc3"

"@types/d3-color@*":
  version "1.0.5"
  resolved "https://registry.yarnpkg.com/@types/d3-color/-/d3-color-1.0.5.tgz#cad755f0fc6de7b70fa6e5e08afa81ef4c2248de"

"@types/d3-dispatch@*":
  version "1.0.5"
  resolved "https://registry.yarnpkg.com/@types/d3-dispatch/-/d3-dispatch-1.0.5.tgz#f1f9187b538ecb05157569d8dc2f70dfb04f1b52"

"@types/d3-drag@*":
  version "1.1.0"
  resolved "https://registry.yarnpkg.com/@types/d3-drag/-/d3-drag-1.1.0.tgz#9105e35ca58aa0c4783f3ce83082bcb24ccb6960"
  dependencies:
    "@types/d3-selection" "*"

"@types/d3-dsv@*":
  version "1.0.30"
  resolved "https://registry.yarnpkg.com/@types/d3-dsv/-/d3-dsv-1.0.30.tgz#78e0dddde4283566f463e51551a97a63c170d5a8"

"@types/d3-ease@*":
  version "1.0.7"
  resolved "https://registry.yarnpkg.com/@types/d3-ease/-/d3-ease-1.0.7.tgz#93a301868be9e15061f3d44343b1ab3f8acb6f09"

"@types/d3-force@*":
  version "1.1.0"
  resolved "https://registry.yarnpkg.com/@types/d3-force/-/d3-force-1.1.0.tgz#40925ca3512b63bd424f7c9685e1781b5b0a1d7e"

"@types/d3-format@*":
  version "1.2.1"
  resolved "https://registry.yarnpkg.com/@types/d3-format/-/d3-format-1.2.1.tgz#9435fb1771d2fbf6a858c93218f4097c9aa396c1"

"@types/d3-geo@*":
  version "1.9.0"
  resolved "https://registry.yarnpkg.com/@types/d3-geo/-/d3-geo-1.9.0.tgz#a82de17e402542e7243357f7fb616faf939c862b"
  dependencies:
    "@types/geojson" "*"

"@types/d3-hierarchy@*":
  version "1.1.0"
  resolved "https://registry.yarnpkg.com/@types/d3-hierarchy/-/d3-hierarchy-1.1.0.tgz#50f1ee052840638035cbdd4acab1fc3470905907"

"@types/d3-interpolate@*":
  version "1.1.6"
  resolved "https://registry.yarnpkg.com/@types/d3-interpolate/-/d3-interpolate-1.1.6.tgz#64041b15c9c032c348da1b22baabc59fa4d16136"
  dependencies:
    "@types/d3-color" "*"

"@types/d3-path@*":
  version "1.0.6"
  resolved "https://registry.yarnpkg.com/@types/d3-path/-/d3-path-1.0.6.tgz#c1a7d2dc07b295fdd1c84dabe4404df991b48693"

"@types/d3-polygon@*":
  version "1.0.5"
  resolved "https://registry.yarnpkg.com/@types/d3-polygon/-/d3-polygon-1.0.5.tgz#35ad54ed84c39d7e9f1252b6535be600be6cace2"

"@types/d3-quadtree@*":
  version "1.0.5"
  resolved "https://registry.yarnpkg.com/@types/d3-quadtree/-/d3-quadtree-1.0.5.tgz#1ce1e659eae4530df0cb127f297f1741a367a82e"

"@types/d3-queue@*":
  version "3.0.5"
  resolved "https://registry.yarnpkg.com/@types/d3-queue/-/d3-queue-3.0.5.tgz#3e4cbe2aff61db6a0b2b8c4800299e4ec6acc850"

"@types/d3-random@*":
  version "1.1.0"
  resolved "https://registry.yarnpkg.com/@types/d3-random/-/d3-random-1.1.0.tgz#2dd08f1159c70719270e4a7c834af85c8b88d2c3"

"@types/d3-request@*":
  version "1.0.2"
  resolved "https://registry.yarnpkg.com/@types/d3-request/-/d3-request-1.0.2.tgz#db9db8154f47816584706c6e6f702be66f22f4be"
  dependencies:
    "@types/d3-dsv" "*"

"@types/d3-scale@*":
  version "1.0.10"
  resolved "https://registry.yarnpkg.com/@types/d3-scale/-/d3-scale-1.0.10.tgz#8c5c1dca54a159eed042b46719dbb3bdb7e8c842"
  dependencies:
    "@types/d3-time" "*"

"@types/d3-selection@*":
  version "1.1.0"
  resolved "https://registry.yarnpkg.com/@types/d3-selection/-/d3-selection-1.1.0.tgz#59b88f10d2cff7d9ffd7fe986b3aaef3de048224"

"@types/d3-shape@*":
  version "1.2.1"
  resolved "https://registry.yarnpkg.com/@types/d3-shape/-/d3-shape-1.2.1.tgz#cac2d9f0122f173220c32c8c152dc42ee9349df2"
  dependencies:
    "@types/d3-path" "*"

"@types/d3-time-format@*":
  version "2.0.5"
  resolved "https://registry.yarnpkg.com/@types/d3-time-format/-/d3-time-format-2.0.5.tgz#1d4c5ba77ed5352b10c7fce062c883382f1e16e0"

"@types/d3-time@*":
  version "1.0.7"
  resolved "https://registry.yarnpkg.com/@types/d3-time/-/d3-time-1.0.7.tgz#4266d7c9be15fa81256a88d1d052d61cd8dc572c"

"@types/d3-timer@*":
  version "1.0.6"
  resolved "https://registry.yarnpkg.com/@types/d3-timer/-/d3-timer-1.0.6.tgz#786d4e20731adf03af2c5df6c86fe29667fe429b"

"@types/d3-transition@*":
  version "1.1.0"
  resolved "https://registry.yarnpkg.com/@types/d3-transition/-/d3-transition-1.1.0.tgz#74475d4a8f8a0944a517d5ef861970cc30287e40"
  dependencies:
    "@types/d3-selection" "*"

"@types/d3-voronoi@*":
  version "1.1.7"
  resolved "https://registry.yarnpkg.com/@types/d3-voronoi/-/d3-voronoi-1.1.7.tgz#c0a145cf04395927e01706ff6c4ff835c97a8ece"

"@types/d3-zoom@*":
  version "1.5.0"
  resolved "https://registry.yarnpkg.com/@types/d3-zoom/-/d3-zoom-1.5.0.tgz#21f690b25a8419fd1bcc95ac629cefdfb462c70f"
  dependencies:
    "@types/d3-interpolate" "*"
    "@types/d3-selection" "*"

"@types/d3@^4.11.0":
  version "4.11.0"
  resolved "https://registry.yarnpkg.com/@types/d3/-/d3-4.11.0.tgz#1850b3b94a3bc42099b38200ceb7844479fa30d9"
  dependencies:
    "@types/d3-array" "*"
    "@types/d3-axis" "*"
    "@types/d3-brush" "*"
    "@types/d3-chord" "*"
    "@types/d3-collection" "*"
    "@types/d3-color" "*"
    "@types/d3-dispatch" "*"
    "@types/d3-drag" "*"
    "@types/d3-dsv" "*"
    "@types/d3-ease" "*"
    "@types/d3-force" "*"
    "@types/d3-format" "*"
    "@types/d3-geo" "*"
    "@types/d3-hierarchy" "*"
    "@types/d3-interpolate" "*"
    "@types/d3-path" "*"
    "@types/d3-polygon" "*"
    "@types/d3-quadtree" "*"
    "@types/d3-queue" "*"
    "@types/d3-random" "*"
    "@types/d3-request" "*"
    "@types/d3-scale" "*"
    "@types/d3-selection" "*"
    "@types/d3-shape" "*"
    "@types/d3-time" "*"
    "@types/d3-time-format" "*"
    "@types/d3-timer" "*"
    "@types/d3-transition" "*"
    "@types/d3-voronoi" "*"
    "@types/d3-zoom" "*"

"@types/geojson@*":
  version "1.0.4"
  resolved "https://registry.yarnpkg.com/@types/geojson/-/geojson-1.0.4.tgz#f6e011bf3f7eea616cce79b6f1a0722010822f3a"

"@types/node@^6.0.60":
  version "6.0.89"
  resolved "https://registry.yarnpkg.com/@types/node/-/node-6.0.89.tgz#154be0e6a823760cd6083aa8c48f952e2e63e0b0"

abbrev@1:
  version "1.1.1"
  resolved "https://registry.yarnpkg.com/abbrev/-/abbrev-1.1.1.tgz#f8f2c887ad10bf67f634f005b6987fed3179aac8"

align-text@^0.1.1, align-text@^0.1.3:
  version "0.1.4"
  resolved "https://registry.yarnpkg.com/align-text/-/align-text-0.1.4.tgz#0cd90a561093f35d0a99256c22b7069433fad117"
  dependencies:
    kind-of "^3.0.2"
    longest "^1.0.1"
    repeat-string "^1.5.2"

ansi-regex@^0.2.0, ansi-regex@^0.2.1:
  version "0.2.1"
  resolved "https://registry.yarnpkg.com/ansi-regex/-/ansi-regex-0.2.1.tgz#0d8e946967a3d8143f93e24e298525fc1b2235f9"

ansi-styles@^1.1.0:
  version "1.1.0"
  resolved "https://registry.yarnpkg.com/ansi-styles/-/ansi-styles-1.1.0.tgz#eaecbf66cd706882760b2f4691582b8f55d7a7de"

balanced-match@^1.0.0:
  version "1.0.0"
  resolved "https://registry.yarnpkg.com/balanced-match/-/balanced-match-1.0.0.tgz#89b4d199ab2bee49de164ea02b89ce462d71b767"

brace-expansion@^1.1.7:
  version "1.1.8"
  resolved "https://registry.yarnpkg.com/brace-expansion/-/brace-expansion-1.1.8.tgz#c07b211c7c952ec1f8efd51a77ef0d1d3990a292"
  dependencies:
    balanced-match "^1.0.0"
    concat-map "0.0.1"

camelcase@^1.0.2:
  version "1.2.1"
  resolved "https://registry.yarnpkg.com/camelcase/-/camelcase-1.2.1.tgz#9bb5304d2e0b56698b2c758b08a3eaa9daa58a39"

center-align@^0.1.1:
  version "0.1.3"
  resolved "https://registry.yarnpkg.com/center-align/-/center-align-0.1.3.tgz#aa0d32629b6ee972200411cbd4461c907bc2b7ad"
  dependencies:
    align-text "^0.1.3"
    lazy-cache "^1.0.3"

chalk@0.5.1:
  version "0.5.1"
  resolved "https://registry.yarnpkg.com/chalk/-/chalk-0.5.1.tgz#663b3a648b68b55d04690d49167aa837858f2174"
  dependencies:
    ansi-styles "^1.1.0"
    escape-string-regexp "^1.0.0"
    has-ansi "^0.1.0"
    strip-ansi "^0.3.0"
    supports-color "^0.2.0"

cliui@^2.1.0:
  version "2.1.0"
  resolved "https://registry.yarnpkg.com/cliui/-/cliui-2.1.0.tgz#4b475760ff80264c762c3a1719032e91c7fea0d1"
  dependencies:
    center-align "^0.1.1"
    right-align "^0.1.1"
    wordwrap "0.0.2"

commander@2.6.0:
  version "2.6.0"
  resolved "https://registry.yarnpkg.com/commander/-/commander-2.6.0.tgz#9df7e52fb2a0cb0fb89058ee80c3104225f37e1d"

commander@^2.8.1:
  version "2.11.0"
  resolved "https://registry.yarnpkg.com/commander/-/commander-2.11.0.tgz#157152fd1e7a6c8d98a5b715cf376df928004563"

concat-map@0.0.1:
  version "0.0.1"
  resolved "https://registry.yarnpkg.com/concat-map/-/concat-map-0.0.1.tgz#d8a96bd77fd68df7793a73036a3ba0d5405d477b"

concurrently@^3.4.0:
  version "3.5.0"
  resolved "https://registry.yarnpkg.com/concurrently/-/concurrently-3.5.0.tgz#8cf1b7707a6916a78a4ff5b77bb04dec54b379b2"
  dependencies:
    chalk "0.5.1"
    commander "2.6.0"
    date-fns "^1.23.0"
    lodash "^4.5.1"
    rx "2.3.24"
    spawn-command "^0.0.2-1"
    supports-color "^3.2.3"
    tree-kill "^1.1.0"

core-js@^2.4.1:
  version "2.5.1"
  resolved "https://registry.yarnpkg.com/core-js/-/core-js-2.5.1.tgz#ae6874dc66937789b80754ff5428df66819ca50b"

css-resolve-import@^0.1.1:
  version "0.1.2"
  resolved "https://registry.yarnpkg.com/css-resolve-import/-/css-resolve-import-0.1.2.tgz#ff6d28ac4a175c9d57adb9d2ce6da6f916a1d535"

cssmin@^0.4.3:
  version "0.4.3"
  resolved "https://registry.yarnpkg.com/cssmin/-/cssmin-0.4.3.tgz#c9194077e0ebdacd691d5f59015b9d819f38d015"

date-fns@^1.23.0:
  version "1.28.5"
  resolved "https://registry.yarnpkg.com/date-fns/-/date-fns-1.28.5.tgz#257cfc45d322df45ef5658665967ee841cd73faf"

decamelize@^1.0.0:
  version "1.2.0"
  resolved "https://registry.yarnpkg.com/decamelize/-/decamelize-1.2.0.tgz#f6534d15148269b20352e7bee26f501f9a191290"

escape-string-regexp@^1.0.0:
  version "1.0.5"
  resolved "https://registry.yarnpkg.com/escape-string-regexp/-/escape-string-regexp-1.0.5.tgz#1b61c0562190a8dff6ae3bb2cf0200ca130b86d4"

fmerge@^1.2.0:
  version "1.2.0"
  resolved "https://registry.yarnpkg.com/fmerge/-/fmerge-1.2.0.tgz#36e99d2ae255e3ee1af666b4df780553671cf692"

fs.realpath@^1.0.0:
  version "1.0.0"
  resolved "https://registry.yarnpkg.com/fs.realpath/-/fs.realpath-1.0.0.tgz#1504ad2523158caa40db4a2787cb01411994ea4f"

glob@^7.1.1:
  version "7.1.2"
  resolved "https://registry.yarnpkg.com/glob/-/glob-7.1.2.tgz#c19c9df9a028702d678612384a6552404c636d15"
  dependencies:
    fs.realpath "^1.0.0"
    inflight "^1.0.4"
    inherits "2"
    minimatch "^3.0.4"
    once "^1.3.0"
    path-is-absolute "^1.0.0"

has-ansi@^0.1.0:
  version "0.1.0"
  resolved "https://registry.yarnpkg.com/has-ansi/-/has-ansi-0.1.0.tgz#84f265aae8c0e6a88a12d7022894b7568894c62e"
  dependencies:
    ansi-regex "^0.2.0"

has-flag@^1.0.0:
  version "1.0.0"
  resolved "https://registry.yarnpkg.com/has-flag/-/has-flag-1.0.0.tgz#9d9e793165ce017a00f00418c43f942a7b1d11fa"

hogan.js@^3.0.2:
  version "3.0.2"
  resolved "https://registry.yarnpkg.com/hogan.js/-/hogan.js-3.0.2.tgz#4cd9e1abd4294146e7679e41d7898732b02c7bfd"
  dependencies:
    mkdirp "0.3.0"
    nopt "1.0.10"

inflight@^1.0.4:
  version "1.0.6"
  resolved "https://registry.yarnpkg.com/inflight/-/inflight-1.0.6.tgz#49bd6331d7d02d0c09bc910a1075ba8165b56df9"
  dependencies:
    once "^1.3.0"
    wrappy "1"

inherits@2:
  version "2.0.3"
  resolved "https://registry.yarnpkg.com/inherits/-/inherits-2.0.3.tgz#633c2c83e3da42a502f52466022480f4208261de"

is-buffer@^1.1.5:
  version "1.1.5"
  resolved "https://registry.yarnpkg.com/is-buffer/-/is-buffer-1.1.5.tgz#1f3b26ef613b214b88cbca23cc6c01d87961eecc"

kind-of@^3.0.2:
  version "3.2.2"
  resolved "https://registry.yarnpkg.com/kind-of/-/kind-of-3.2.2.tgz#31ea21a734bab9bbb0f32466d893aea51e4a3c64"
  dependencies:
    is-buffer "^1.1.5"

lazy-cache@^1.0.3:
  version "1.0.4"
  resolved "https://registry.yarnpkg.com/lazy-cache/-/lazy-cache-1.0.4.tgz#a1d78fc3a50474cb80845d3b3b6e1da49a446e8e"

lodash@^4.5.1:
  version "4.17.4"
  resolved "https://registry.yarnpkg.com/lodash/-/lodash-4.17.4.tgz#78203a4d1c328ae1d86dca6460e369b57f4055ae"

longest@^1.0.1:
  version "1.0.1"
  resolved "https://registry.yarnpkg.com/longest/-/longest-1.0.1.tgz#30a0b2da38f73770e8294a0d22e6625ed77d0097"

minifier@^0.8.1:
  version "0.8.1"
  resolved "https://registry.yarnpkg.com/minifier/-/minifier-0.8.1.tgz#67e9333f9e25d27643bc7963e66b2dd61cf6c5b0"
  dependencies:
    commander "^2.8.1"
    css-resolve-import "^0.1.1"
    fmerge "^1.2.0"
    glob "^7.1.1"
    hogan.js "^3.0.2"
    sqwish "~0.2.2"
    uglify-js "^2.4.24"

minimatch@^3.0.4:
  version "3.0.4"
  resolved "https://registry.yarnpkg.com/minimatch/-/minimatch-3.0.4.tgz#5166e286457f03306064be5497e8dbb0c3d32083"
  dependencies:
    brace-expansion "^1.1.7"

minimist@0.0.8:
  version "0.0.8"
  resolved "https://registry.yarnpkg.com/minimist/-/minimist-0.0.8.tgz#857fcabfc3397d2625b8228262e86aa7a011b05d"

minimist@^1.2.0:
  version "1.2.0"
  resolved "https://registry.yarnpkg.com/minimist/-/minimist-1.2.0.tgz#a35008b20f41383eec1fb914f4cd5df79a264284"

mkdirp@0.3.0:
  version "0.3.0"
  resolved "https://registry.yarnpkg.com/mkdirp/-/mkdirp-0.3.0.tgz#1bbf5ab1ba827af23575143490426455f481fe1e"

mkdirp@^0.5.1:
  version "0.5.1"
  resolved "https://registry.yarnpkg.com/mkdirp/-/mkdirp-0.5.1.tgz#30057438eac6cf7f8c4767f38648d6697d75c903"
  dependencies:
    minimist "0.0.8"

nopt@1.0.10:
  version "1.0.10"
  resolved "https://registry.yarnpkg.com/nopt/-/nopt-1.0.10.tgz#6ddd21bd2a31417b92727dd585f8a6f37608ebee"
  dependencies:
    abbrev "1"

once@^1.3.0:
  version "1.4.0"
  resolved "https://registry.yarnpkg.com/once/-/once-1.4.0.tgz#583b1aa775961d4b113ac17d9c50baef9dd76bd1"
  dependencies:
    wrappy "1"

path-is-absolute@^1.0.0:
  version "1.0.1"
  resolved "https://registry.yarnpkg.com/path-is-absolute/-/path-is-absolute-1.0.1.tgz#174b9268735534ffbc7ace6bf53a5a9e1b5c5f5f"

reflect-metadata@^0.1.2:
  version "0.1.10"
  resolved "https://registry.yarnpkg.com/reflect-metadata/-/reflect-metadata-0.1.10.tgz#b4f83704416acad89988c9b15635d47e03b9344a"

repeat-string@^1.5.2:
  version "1.6.1"
  resolved "https://registry.yarnpkg.com/repeat-string/-/repeat-string-1.6.1.tgz#8dcae470e1c88abc2d600fff4a776286da75e637"

right-align@^0.1.1:
  version "0.1.3"
  resolved "https://registry.yarnpkg.com/right-align/-/right-align-0.1.3.tgz#61339b722fe6a3515689210d24e14c96148613ef"
  dependencies:
    align-text "^0.1.1"

rollup@^0.42.0:
  version "0.42.0"
  resolved "https://registry.yarnpkg.com/rollup/-/rollup-0.42.0.tgz#56e791b3a2f3dd7190bbb80a375675f2fe0f9b23"
  dependencies:
    source-map-support "^0.4.0"

rx@2.3.24:
  version "2.3.24"
  resolved "https://registry.yarnpkg.com/rx/-/rx-2.3.24.tgz#14f950a4217d7e35daa71bbcbe58eff68ea4b2b7"

rxjs@5.1.0:
  version "5.1.0"
  resolved "https://registry.yarnpkg.com/rxjs/-/rxjs-5.1.0.tgz#0aa9018b7f440b505fa42bd742b6738be550e720"
  dependencies:
    symbol-observable "^1.0.1"

source-map-support@^0.4.0, source-map-support@^0.4.2:
  version "0.4.18"
  resolved "https://registry.yarnpkg.com/source-map-support/-/source-map-support-0.4.18.tgz#0286a6de8be42641338594e97ccea75f0a2c585f"
  dependencies:
    source-map "^0.5.6"

source-map@^0.5.6, source-map@~0.5.1:
  version "0.5.7"
  resolved "https://registry.yarnpkg.com/source-map/-/source-map-0.5.7.tgz#8a039d2d1021d22d1ea14c80d8ea468ba2ef3fcc"

spawn-command@^0.0.2-1:
  version "0.0.2"
  resolved "https://registry.yarnpkg.com/spawn-command/-/spawn-command-0.0.2.tgz#9544e1a43ca045f8531aac1a48cb29bdae62338e"

sqwish@~0.2.2:
  version "0.2.2"
  resolved "https://registry.yarnpkg.com/sqwish/-/sqwish-0.2.2.tgz#00fe2668104f1228b5bb7ee739ef60121bbcb057"

strip-ansi@^0.3.0:
  version "0.3.0"
  resolved "https://registry.yarnpkg.com/strip-ansi/-/strip-ansi-0.3.0.tgz#25f48ea22ca79187f3174a4db8759347bb126220"
  dependencies:
    ansi-regex "^0.2.1"

supports-color@^0.2.0:
  version "0.2.0"
  resolved "https://registry.yarnpkg.com/supports-color/-/supports-color-0.2.0.tgz#d92de2694eb3f67323973d7ae3d8b55b4c22190a"

supports-color@^3.2.3:
  version "3.2.3"
  resolved "https://registry.yarnpkg.com/supports-color/-/supports-color-3.2.3.tgz#65ac0504b3954171d8a64946b2ae3cbb8a5f54f6"
  dependencies:
    has-flag "^1.0.0"

symbol-observable@^1.0.1:
  version "1.0.4"
  resolved "https://registry.yarnpkg.com/symbol-observable/-/symbol-observable-1.0.4.tgz#29bf615d4aa7121bdd898b22d4b3f9bc4e2aa03d"

systemjs@0.19.40:
  version "0.19.40"
  resolved "https://registry.yarnpkg.com/systemjs/-/systemjs-0.19.40.tgz#158f64a9f4ef541a7fda6b40e527ee46b6c54cd0"
  dependencies:
    when "^3.7.5"

tree-kill@^1.1.0:
  version "1.2.0"
  resolved "https://registry.yarnpkg.com/tree-kill/-/tree-kill-1.2.0.tgz#5846786237b4239014f05db156b643212d4c6f36"

tsickle@^0.21.0:
  version "0.21.6"
  resolved "https://registry.yarnpkg.com/tsickle/-/tsickle-0.21.6.tgz#53b01b979c5c13fdb13afb3fb958177e5991588d"
  dependencies:
    minimist "^1.2.0"
    mkdirp "^0.5.1"
    source-map "^0.5.6"
    source-map-support "^0.4.2"

tslib@^1.7.1:
  version "1.8.0"
  resolved "https://registry.yarnpkg.com/tslib/-/tslib-1.8.0.tgz#dc604ebad64bcbf696d613da6c954aa0e7ea1eb6"

typescript@^2.5.3:
  version "2.5.3"
  resolved "https://registry.yarnpkg.com/typescript/-/typescript-2.5.3.tgz#df3dcdc38f3beb800d4bc322646b04a3f6ca7f0d"

uglify-js@^2.4.24:
  version "2.8.29"
  resolved "https://registry.yarnpkg.com/uglify-js/-/uglify-js-2.8.29.tgz#29c5733148057bb4e1f75df35b7a9cb72e6a59dd"
  dependencies:
    source-map "~0.5.1"
    yargs "~3.10.0"
  optionalDependencies:
    uglify-to-browserify "~1.0.0"

uglify-to-browserify@~1.0.0:
  version "1.0.2"
  resolved "https://registry.yarnpkg.com/uglify-to-browserify/-/uglify-to-browserify-1.0.2.tgz#6e0924d6bda6b5afe349e39a6d632850a0f882b7"

when@^3.7.5:
  version "3.7.8"
  resolved "https://registry.yarnpkg.com/when/-/when-3.7.8.tgz#c7130b6a7ea04693e842cdc9e7a1f2aa39a39f82"

window-size@0.1.0:
  version "0.1.0"
  resolved "https://registry.yarnpkg.com/window-size/-/window-size-0.1.0.tgz#5438cd2ea93b202efa3a19fe8887aee7c94f9c9d"

wordwrap@0.0.2:
  version "0.0.2"
  resolved "https://registry.yarnpkg.com/wordwrap/-/wordwrap-0.0.2.tgz#b79669bb42ecb409f83d583cad52ca17eaa1643f"

wrappy@1:
  version "1.0.2"
  resolved "https://registry.yarnpkg.com/wrappy/-/wrappy-1.0.2.tgz#b5243d8f3ec1aa35f1364605bc0d1036e30ab69f"

yargs@~3.10.0:
  version "3.10.0"
  resolved "https://registry.yarnpkg.com/yargs/-/yargs-3.10.0.tgz#f7ee7bd857dd7c1d2d38c0e74efbd681d1431fd1"
  dependencies:
    camelcase "^1.0.2"
    cliui "^2.1.0"
    decamelize "^1.0.0"
    window-size "0.1.0"

zone.js@^0.8.4:
  version "0.8.18"
  resolved "https://registry.yarnpkg.com/zone.js/-/zone.js-0.8.18.tgz#8cecb3977fcd1b3090562ff4570e2847e752b48d"
